<?xml version="1.0" encoding="UTF-8" standalone="yes" ?>
<CodeBlocks_project_file>
	<FileVersion major="1" minor="6" />
	<Project>
		<Option title="jack_unload" />
		<Option pch_mode="2" />
		<Option compiler="mingw_64" />
		<Build>
			<Target title="Win32 Release 64bits">
				<Option output="Release64\bin\jack_unload" prefix_auto="1" extension_auto="1" />
				<Option object_output="Release64\" />
				<Option type="1" />
				<Option compiler="mingw_64" />
				<Compiler>
					<Add option="-O2" />
					<Add option="-Wall" />
					<Add directory="..\windows" />
					<Add directory="..\common\jack" />
					<Add directory="..\common" />
				</Compiler>
				<Linker>
					<Add library="libjack64" />
					<Add directory="Release64\bin" />
				</Linker>
			</Target>
			<Target title="Win32 Debug 64bits">
				<Option output="Debug64\bin\jack_unload" prefix_auto="1" extension_auto="1" />
				<Option object_output="Debug64\" />
				<Option type="1" />
				<Option compiler="mingw_64" />
				<Compiler>
					<Add option="-Wall" />
					<Add option="-g" />
					<Add directory="..\windows" />
					<Add directory="..\common\jack" />
					<Add directory="..\common" />
				</Compiler>
				<Linker>
					<Add library="libjack64" />
					<Add directory="Debug64\bin" />
				</Linker>
			</Target>
			<Target title="Win32 Profiling 64bits">
				<Option output="Release64\bin\jack_unload" prefix_auto="1" extension_auto="1" />
				<Option object_output="Release64\" />
				<Option type="1" />
				<Option compiler="mingw_64" />
				<Compiler>
					<Add option="-O2" />
					<Add option="-Wall" />
					<Add option="-DJACK_MONITOR" />
					<Add directory="..\windows" />
					<Add directory="..\common\jack" />
					<Add directory="..\common" />
				</Compiler>
				<Linker>
					<Add library="libjack64" />
					<Add directory="Release64\bin" />
				</Linker>
			</Target>
			<Target title="Win32 Release 32bits">
				<Option output="Release\bin\jack_unload" prefix_auto="1" extension_auto="1" />
				<Option object_output="Release\" />
				<Option type="1" />
				<Option compiler="mingw_64" />
				<Compiler>
					<Add option="-O2" />
					<Add option="-Wall" />
					<Add option="-m32" />
					<Add directory="..\windows" />
					<Add directory="..\common\jack" />
					<Add directory="..\common" />
				</Compiler>
				<Linker>
					<Add option="-m32" />
					<Add library="libjack" />
					<Add directory="Release\bin" />
				</Linker>
			</Target>
			<Target title="Win32 Debug 32bits">
				<Option output="Debug\bin\jack_unload" prefix_auto="1" extension_auto="1" />
				<Option object_output="Debug\" />
				<Option type="1" />
				<Option compiler="mingw_64" />
				<Compiler>
					<Add option="-Wall" />
					<Add option="-g" />
					<Add option="-m32" />
					<Add directory="..\windows" />
					<Add directory="..\common\jack" />
					<Add directory="..\common" />
				</Compiler>
				<Linker>
					<Add option="-m32" />
					<Add library="libjack" />
					<Add directory="Debug\bin" />
				</Linker>
			</Target>
			<Target title="Win32 Profiling 32bits">
				<Option output="Release\bin\jack_unload" prefix_auto="1" extension_auto="1" />
				<Option object_output="Release\" />
				<Option type="1" />
				<Option compiler="mingw_64" />
				<Compiler>
					<Add option="-O2" />
					<Add option="-Wall" />
					<Add option="-m32" />
					<Add option="-DJACK_MONITOR" />
					<Add directory="..\windows" />
					<Add directory="..\common\jack" />
					<Add directory="..\common" />
				</Compiler>
				<Linker>
					<Add option="-m32" />
					<Add library="libjack" />
					<Add directory="Release\bin" />
				</Linker>
			</Target>
		</Build>
		<Compiler>
			<Add option="-Wall" />
		</Compiler>
		<Linker>
			<Add library="kernel32" />
			<Add library="user32" />
			<Add library="gdi32" />
			<Add library="winspool" />
			<Add library="comdlg32" />
			<Add library="advapi32" />
			<Add library="shell32" />
			<Add library="ole32" />
			<Add library="oleaut32" />
			<Add library="uuid" />
			<Add library="odbc32" />
			<Add library="odbccp32" />
		</Linker>
		<Unit filename="..\example-clients\ipunload.c">
			<Option compilerVar="CC" />
		</Unit>
		<Extensions>
			<code_completion />
			<envvars />
			<debugger />
			<lib_finder disable_auto="1" />
			<AutoVersioning>
				<Scheme minor_max="10" build_max="0" rev_max="0" rev_rand_max="10" build_times_to_increment_minor="100" />
				<Settings autoincrement="1" date_declarations="1" do_auto_increment="0" ask_to_increment="0" language="C++" svn="0" svn_directory="" header_path="version.h" />
				<Changes_Log show_changes_editor="0" app_title="released version %M.%m.%b of %p" changeslog_path="ChangesLog.txt" />
			</AutoVersioning>
		</Extensions>
	</Project>
</CodeBlocks_project_file>
