<?xml version="1.0" encoding="UTF-8" standalone="yes" ?>
<CodeBlocks_project_file>
	<FileVersion major="1" minor="6" />
	<Project>
		<Option title="jackd" />
		<Option pch_mode="2" />
		<Option compiler="mingw_64" />
		<Build>
			<Target title="Win32 Release 64bits">
				<Option output="Release64\bin\jackd" prefix_auto="1" extension_auto="1" />
				<Option object_output="Release64" />
				<Option type="1" />
				<Option compiler="mingw_64" />
				<Option parameters="-R -S -d net" />
				<Option host_application="jackdmp.exe" />
				<Compiler>
					<Add option="-O2" />
					<Add option="-Wall" />
					<Add option="-Wl,-subsystem,windows" />
					<Add option="-DWIN32" />
					<Add option="-DNDEBUG" />
					<Add option="-D_WINDOWS" />
					<Add option="-D_MBCS" />
					<Add option="-D_POSIX" />
					<Add directory="." />
					<Add directory="..\windows" />
					<Add directory="..\common\jack" />
					<Add directory="..\common" />
				</Compiler>
				<Linker>
					<Add library="libjackserver64" />
					<Add directory="Release64\bin" />
				</Linker>
			</Target>
			<Target title="Win32 Debug 64bits">
				<Option output="Debug64\bin\jackd" prefix_auto="1" extension_auto="1" />
				<Option object_output="Debug64" />
				<Option type="1" />
				<Option compiler="mingw_64" />
				<Option parameters="-R -S -d net" />
				<Compiler>
					<Add option="-Wall" />
					<Add option="-g" />
					<Add option="-DWIN32" />
					<Add option="-D_DEBUG" />
					<Add option="-D_CONSOLE" />
					<Add option="-D_MBCS" />
					<Add option="-D_POSIX" />
					<Add directory="." />
					<Add directory="..\windows" />
					<Add directory="..\common\jack" />
					<Add directory="..\common" />
				</Compiler>
				<Linker>
					<Add library="libjackserver64" />
					<Add directory="Debug64\bin" />
				</Linker>
			</Target>
			<Target title="Win32 Profiling 64bits">
				<Option output="Release64\bin\jackd" prefix_auto="1" extension_auto="1" />
				<Option object_output="Release64" />
				<Option type="1" />
				<Option compiler="mingw_64" />
				<Option parameters="-R -S -d net" />
				<Option host_application="jackdmp.exe" />
				<Compiler>
					<Add option="-O2" />
					<Add option="-Wall" />
					<Add option="-DWIN32" />
					<Add option="-DNDEBUG" />
					<Add option="-D_WINDOWS" />
					<Add option="-D_MBCS" />
					<Add option="-DJACK_MONITOR" />
					<Add option="-D_POSIX" />
					<Add directory="." />
					<Add directory="..\windows" />
					<Add directory="..\common\jack" />
					<Add directory="..\common" />
				</Compiler>
				<Linker>
					<Add library="libjackserver64" />
					<Add directory="Release64\bin" />
				</Linker>
			</Target>
			<Target title="Win32 Release 32bits">
				<Option output="Release\bin\jackd" prefix_auto="1" extension_auto="1" />
				<Option object_output="Release" />
				<Option type="1" />
				<Option compiler="mingw_64" />
				<Option parameters="-R -S -d net" />
				<Option host_application="jackdmp.exe" />
				<Compiler>
					<Add option="-O2" />
					<Add option="-Wall" />
					<Add option="-m32" />
					<Add option="-Wl,-subsystem,windows" />
					<Add option="-DWIN32" />
					<Add option="-DNDEBUG" />
					<Add option="-D_WINDOWS" />
					<Add option="-D_MBCS" />
					<Add option="-D_POSIX" />
					<Add directory="." />
					<Add directory="..\windows" />
					<Add directory="..\common\jack" />
					<Add directory="..\common" />
				</Compiler>
				<Linker>
					<Add option="-m32" />
					<Add library="libjackserver" />
					<Add directory="Release\bin" />
				</Linker>
				<ExtraCommands>
					<Add before="windres -F pe-i386 -O coff -o Release/jackd.res jackd.rc" />
				</ExtraCommands>
			</Target>
			<Target title="Win32 Debug 32bits">
				<Option output="Debug\bin\jackd" prefix_auto="1" extension_auto="1" />
				<Option object_output="Debug" />
				<Option type="1" />
				<Option compiler="mingw_64" />
				<Option parameters="-R -S -d net" />
				<Compiler>
					<Add option="-Wall" />
					<Add option="-g" />
					<Add option="-m32" />
					<Add option="-DWIN32" />
					<Add option="-D_DEBUG" />
					<Add option="-D_CONSOLE" />
					<Add option="-D_MBCS" />
					<Add option="-D_POSIX" />
					<Add directory="." />
					<Add directory="..\windows" />
					<Add directory="..\common\jack" />
					<Add directory="..\common" />
				</Compiler>
				<Linker>
					<Add option="-m32" />
					<Add library="libjackserver" />
					<Add directory="Debug\bin" />
				</Linker>
				<ExtraCommands>
					<Add before="windres -F pe-i386 -O coff -o Debug/jackd.res jackd.rc" />
				</ExtraCommands>
			</Target>
			<Target title="Win32 Profiling 32bits">
				<Option output="Release\bin\jackd" prefix_auto="1" extension_auto="1" />
				<Option object_output="Release" />
				<Option type="1" />
				<Option compiler="mingw_64" />
				<Option parameters="-R -S -d net" />
				<Option host_application="jackdmp.exe" />
				<Compiler>
					<Add option="-O2" />
					<Add option="-Wall" />
					<Add option="-m32" />
					<Add option="-DWIN32" />
					<Add option="-DNDEBUG" />
					<Add option="-D_WINDOWS" />
					<Add option="-D_MBCS" />
					<Add option="-DJACK_MONITOR" />
					<Add option="-D_POSIX" />
					<Add directory="." />
					<Add directory="..\windows" />
					<Add directory="..\common\jack" />
					<Add directory="..\common" />
				</Compiler>
				<Linker>
					<Add option="-m32" />
					<Add library="libjackserver" />
					<Add directory="Release\bin" />
				</Linker>
				<ExtraCommands>
					<Add before="windres -F pe-i386 -O coff -o Release/jackd.res jackd.rc" />
				</ExtraCommands>
			</Target>
		</Build>
		<Compiler>
			<Add option="-Wall" />
		</Compiler>
		<Linker>
			<Add library="kernel32" />
			<Add library="user32" />
			<Add library="gdi32" />
			<Add library="winspool" />
			<Add library="comdlg32" />
			<Add library="advapi32" />
			<Add library="shell32" />
			<Add library="ole32" />
			<Add library="oleaut32" />
			<Add library="uuid" />
			<Add library="odbc32" />
			<Add library="odbccp32" />
		</Linker>
		<Unit filename="..\common\Jackdmp.cpp" />
		<Unit filename="getopt.c">
			<Option compilerVar="CC" />
		</Unit>
		<Unit filename="getopt1.c">
			<Option compilerVar="CC" />
		</Unit>
		<Unit filename="jackd.rc">
			<Option compilerVar="WINDRES" />
		</Unit>
		<Extensions>
			<code_completion />
			<envvars />
			<debugger />
			<AutoVersioning>
				<Scheme minor_max="10" build_max="0" rev_max="0" rev_rand_max="10" build_times_to_increment_minor="100" />
				<Settings autoincrement="1" date_declarations="1" do_auto_increment="0" ask_to_increment="0" language="C++" svn="0" svn_directory="" header_path="version.h" />
				<Changes_Log show_changes_editor="0" app_title="released version %M.%m.%b of %p" changeslog_path="ChangesLog.txt" />
			</AutoVersioning>
		</Extensions>
	</Project>
</CodeBlocks_project_file>
