<?xml version="1.0" encoding="UTF-8" standalone="yes" ?>
<CodeBlocks_project_file>
	<FileVersion major="1" minor="6" />
	<Project>
		<Option title="libjacknet" />
		<Option pch_mode="2" />
		<Option compiler="gcc" />
		<Build>
			<Target title="Win32 Release 64bits">
				<Option output="Release64\bin\libjacknet" prefix_auto="1" extension_auto="1" />
				<Option object_output="Release64\libjacknet" />
				<Option type="3" />
				<Option compiler="gcc" />
				<Option createDefFile="1" />
				<Option createStaticLib="1" />
				<Compiler>
					<Add option="-O2" />
					<Add option="-Wall" />
					<Add option="-DWIN32" />
					<Add option="-DNDEBUG" />
					<Add option="-D_WINDOWS" />
					<Add option="-D_MBCS" />
					<Add option="-D_USRDLL" />
					<Add option="-DLIBJACKDMP_EXPORTS" />
					<Add option="-DREGEX_MALLOC" />
					<Add option="-DSTDC_HEADERS" />
					<Add option="-D__SMP__" />
					<Add directory="." />
					<Add directory="..\windows" />
					<Add directory="..\common\jack" />
					<Add directory="..\common" />
				</Compiler>
				<Linker>
					<Add library="libsamplerate_x86_64.a" />
					<Add directory="Release64\bin" />
				</Linker>
			</Target>
			<Target title="Win32 Debug 64bits">
				<Option output="Debug64\bin\libjacknet" prefix_auto="1" extension_auto="1" />
				<Option object_output="Debug64\libjacknet" />
				<Option type="3" />
				<Option compiler="gcc" />
				<Option createDefFile="1" />
				<Option createStaticLib="1" />
				<Compiler>
					<Add option="-Wall" />
					<Add option="-g" />
					<Add option="-DWIN32" />
					<Add option="-D_DEBUG" />
					<Add option="-D_CONSOLE" />
					<Add option="-D_MBCS" />
					<Add option="-D_USRDLL" />
					<Add option="-DLIBJACKDMP_EXPORTS" />
					<Add option="-DREGEX_MALLOC" />
					<Add option="-DSTDC_HEADERS" />
					<Add option="-D__SMP__" />
					<Add directory="." />
					<Add directory="..\windows" />
					<Add directory="..\common\jack" />
					<Add directory="..\common" />
				</Compiler>
				<Linker>
					<Add library="libsamplerate_x86_64.a" />
					<Add directory="Debug64\bin" />
				</Linker>
			</Target>
			<Target title="Win32 Profiling 64bits">
				<Option output="Release64\bin\libjacknet" prefix_auto="1" extension_auto="1" />
				<Option object_output="Release64\libjacknet" />
				<Option type="3" />
				<Option compiler="gcc" />
				<Option createDefFile="1" />
				<Option createStaticLib="1" />
				<Compiler>
					<Add option="-O2" />
					<Add option="-Wall" />
					<Add option="-DWIN32" />
					<Add option="-DNDEBUG" />
					<Add option="-D_WINDOWS" />
					<Add option="-D_MBCS" />
					<Add option="-D_USRDLL" />
					<Add option="-DLIBJACKDMP_EXPORTS" />
					<Add option="-DREGEX_MALLOC" />
					<Add option="-DSTDC_HEADERS" />
					<Add option="-D__SMP__" />
					<Add option="-DJACK_MONITOR" />
					<Add directory="." />
					<Add directory="..\windows" />
					<Add directory="..\common\jack" />
					<Add directory="..\common" />
				</Compiler>
				<Linker>
					<Add library="libsamplerate_x86_64.a" />
					<Add directory="Release64\bin" />
				</Linker>
			</Target>
			<Target title="Win32 Release 32bits">
				<Option output="Release\bin\libjacknet" prefix_auto="1" extension_auto="1" />
				<Option object_output="Release\libjacknet" />
				<Option type="3" />
				<Option compiler="gcc" />
				<Option createDefFile="1" />
				<Option createStaticLib="1" />
				<Compiler>
					<Add option="-O2" />
					<Add option="-Wall" />
					<Add option="-m32" />
					<Add option="-DWIN32" />
					<Add option="-DNDEBUG" />
					<Add option="-D_WINDOWS" />
					<Add option="-D_MBCS" />
					<Add option="-D_USRDLL" />
					<Add option="-DLIBJACKDMP_EXPORTS" />
					<Add option="-DREGEX_MALLOC" />
					<Add option="-DSTDC_HEADERS" />
					<Add option="-D__SMP__" />
					<Add directory="." />
					<Add directory="..\windows" />
					<Add directory="..\common\jack" />
					<Add directory="..\common" />
				</Compiler>
				<Linker>
					<Add option="-m32" />
					<Add library="libsamplerate_x86.a" />
					<Add directory="Release\bin" />
				</Linker>
				<ExtraCommands>
					<Add before="windres -F pe-i386 -O coff -o Release/libjacknet/libjacknet.res libjacknet.rc" />
				</ExtraCommands>
			</Target>
			<Target title="Win32 Debug 32bits">
				<Option output="Debug\bin\libjacknet" prefix_auto="1" extension_auto="1" />
				<Option object_output="Debug\libjacknet" />
				<Option type="3" />
				<Option compiler="gcc" />
				<Option createDefFile="1" />
				<Option createStaticLib="1" />
				<Compiler>
					<Add option="-Wall" />
					<Add option="-g" />
					<Add option="-m32" />
					<Add option="-DWIN32" />
					<Add option="-D_DEBUG" />
					<Add option="-D_CONSOLE" />
					<Add option="-D_MBCS" />
					<Add option="-D_USRDLL" />
					<Add option="-DLIBJACKDMP_EXPORTS" />
					<Add option="-DREGEX_MALLOC" />
					<Add option="-DSTDC_HEADERS" />
					<Add option="-D__SMP__" />
					<Add directory="." />
					<Add directory="..\windows" />
					<Add directory="..\common\jack" />
					<Add directory="..\common" />
				</Compiler>
				<Linker>
					<Add option="-m32" />
					<Add library="libsamplerate_x86.a" />
					<Add directory="Debug\bin" />
				</Linker>
				<ExtraCommands>
					<Add before="windres -F pe-i386 -O coff -o Debug/libjacknet/libjacknet.res libjacknet.rc" />
				</ExtraCommands>
			</Target>
			<Target title="Win32 Profiling 32bits">
				<Option output="Release\bin\libjacknet" prefix_auto="1" extension_auto="1" />
				<Option object_output="Release\libjacknet" />
				<Option type="3" />
				<Option compiler="gcc" />
				<Option createDefFile="1" />
				<Option createStaticLib="1" />
				<Compiler>
					<Add option="-O2" />
					<Add option="-Wall" />
					<Add option="-m32" />
					<Add option="-DWIN32" />
					<Add option="-DNDEBUG" />
					<Add option="-D_WINDOWS" />
					<Add option="-D_MBCS" />
					<Add option="-D_USRDLL" />
					<Add option="-DLIBJACKDMP_EXPORTS" />
					<Add option="-DREGEX_MALLOC" />
					<Add option="-DSTDC_HEADERS" />
					<Add option="-D__SMP__" />
					<Add option="-DJACK_MONITOR" />
					<Add directory="." />
					<Add directory="..\windows" />
					<Add directory="..\common\jack" />
					<Add directory="..\common" />
				</Compiler>
				<Linker>
					<Add option="-m32" />
					<Add library="libsamplerate_x86.a" />
					<Add directory="Release\bin" />
				</Linker>
				<ExtraCommands>
					<Add before="windres -F pe-i386 -O coff -o Release/libjacknet/libjacknet.res libjacknet.rc" />
				</ExtraCommands>
			</Target>
		</Build>
		<Compiler>
			<Add option="-Wall" />
			<Add directory="." />
			<Add directory="..\common" />
			<Add directory="..\common\jack" />
		</Compiler>
		<Linker>
			<Add library="kernel32" />
			<Add library="user32" />
			<Add library="gdi32" />
			<Add library="winspool" />
			<Add library="comdlg32" />
			<Add library="advapi32" />
			<Add library="shell32" />
			<Add library="ole32" />
			<Add library="oleaut32" />
			<Add library="uuid" />
			<Add library="odbc32" />
			<Add library="odbccp32" />
			<Add library="ws2_32" />
			<Add library="winmm" />
		</Linker>
		<Unit filename="..\common\JackAudioAdapterInterface.cpp" />
		<Unit filename="..\common\JackException.cpp" />
		<Unit filename="..\common\JackGlobals.cpp" />
		<Unit filename="..\common\JackLibSampleRateResampler.cpp" />
		<Unit filename="..\common\JackNetAPI.cpp" />
		<Unit filename="..\common\JackNetInterface.cpp" />
		<Unit filename="..\common\JackNetTool.cpp" />
		<Unit filename="..\common\JackResampler.cpp" />
		<Unit filename="..\common\ringbuffer.c">
			<Option compilerVar="CC" />
		</Unit>
		<Unit filename="JackMMCSS.cpp" />
		<Unit filename="JackNetWinSocket.cpp" />
		<Unit filename="JackWinThread.cpp" />
		<Unit filename="JackWinTime.c">
			<Option compilerVar="CC" />
		</Unit>
		<Unit filename="libjacknet.rc">
			<Option compilerVar="WINDRES" />
		</Unit>
		<Extensions>
			<code_completion />
			<envvars />
			<debugger />
			<AutoVersioning>
				<Scheme minor_max="10" build_max="0" rev_max="0" rev_rand_max="10" build_times_to_increment_minor="100" />
				<Settings autoincrement="0" date_declarations="0" do_auto_increment="0" ask_to_increment="0" language="C++" svn="0" svn_directory="" header_path="version.h" />
				<Changes_Log show_changes_editor="0" app_title="released version %M.%m.%b of %p" changeslog_path="ChangesLog.txt" />
			</AutoVersioning>
		</Extensions>
	</Project>
</CodeBlocks_project_file>
