<?xml version="1.0" encoding="UTF-8" standalone="yes" ?>
<CodeBlocks_project_file>
	<FileVersion major="1" minor="6" />
	<Project>
		<Option title="jack2" />
		<Option pch_mode="2" />
		<Option compiler="gcc" />
		<Build>
			<Target title="Debug">
				<Option output="bin/Debug/jack2" prefix_auto="1" extension_auto="1" />
				<Option object_output="obj/Debug/" />
				<Option type="1" />
				<Option compiler="gcc" />
				<Compiler>
					<Add option="-g" />
				</Compiler>
			</Target>
			<Target title="Release">
				<Option output="bin/Release/jack2" prefix_auto="1" extension_auto="1" />
				<Option object_output="obj/Release/" />
				<Option type="1" />
				<Option compiler="gcc" />
				<Compiler>
					<Add option="-O2" />
				</Compiler>
				<Linker>
					<Add option="-s" />
				</Linker>
			</Target>
		</Build>
		<Compiler>
			<Add option="-Wall" />
		</Compiler>
		<Unit filename="../common/JackAC3Encoder.cpp" />
		<Unit filename="../common/JackAC3Encoder.h" />
		<Unit filename="../common/JackAPI.cpp" />
		<Unit filename="../common/JackActivationCount.cpp" />
		<Unit filename="../common/JackActivationCount.h" />
		<Unit filename="../common/JackArgParser.cpp" />
		<Unit filename="../common/JackArgParser.h" />
		<Unit filename="../common/JackAtomic.h" />
		<Unit filename="../common/JackAtomicArrayState.h" />
		<Unit filename="../common/JackAtomicState.h" />
		<Unit filename="../common/JackAudioAdapter.cpp" />
		<Unit filename="../common/JackAudioAdapter.h" />
		<Unit filename="../common/JackAudioAdapterFactory.cpp" />
		<Unit filename="../common/JackAudioAdapterInterface.cpp" />
		<Unit filename="../common/JackAudioAdapterInterface.h" />
		<Unit filename="../common/JackAudioDriver.cpp" />
		<Unit filename="../common/JackAudioDriver.h" />
		<Unit filename="../common/JackAudioPort.cpp" />
		<Unit filename="../common/JackChannel.h" />
		<Unit filename="../common/JackClient.cpp" />
		<Unit filename="../common/JackClient.h" />
		<Unit filename="../common/JackClientControl.h" />
		<Unit filename="../common/JackClientInterface.h" />
		<Unit filename="../common/JackCompilerDeps.h" />
		<Unit filename="../common/JackConnectionManager.cpp" />
		<Unit filename="../common/JackConnectionManager.h" />
		<Unit filename="../common/JackConstants.h" />
		<Unit filename="../common/JackControlAPI.cpp" />
		<Unit filename="../common/JackControlAPI.h" />
		<Unit filename="../common/JackDebugClient.cpp" />
		<Unit filename="../common/JackDebugClient.h" />
		<Unit filename="../common/JackDriver.cpp" />
		<Unit filename="../common/JackDriver.h" />
		<Unit filename="../common/JackDriverInfo.h" />
		<Unit filename="../common/JackDriverLoader.cpp" />
		<Unit filename="../common/JackDriverLoader.h" />
		<Unit filename="../common/JackDummyDriver.cpp" />
		<Unit filename="../common/JackDummyDriver.h" />
		<Unit filename="../common/JackEngine.cpp" />
		<Unit filename="../common/JackEngine.h" />
		<Unit filename="../common/JackEngineControl.cpp" />
		<Unit filename="../common/JackEngineControl.h" />
		<Unit filename="../common/JackEngineProfiling.cpp" />
		<Unit filename="../common/JackEngineProfiling.h" />
		<Unit filename="../common/JackError.cpp" />
		<Unit filename="../common/JackError.h" />
		<Unit filename="../common/JackException.cpp" />
		<Unit filename="../common/JackException.h" />
		<Unit filename="../common/JackExternalClient.cpp" />
		<Unit filename="../common/JackExternalClient.h" />
		<Unit filename="../common/JackFilters.h" />
		<Unit filename="../common/JackFrameTimer.cpp" />
		<Unit filename="../common/JackFrameTimer.h" />
		<Unit filename="../common/JackFreewheelDriver.cpp" />
		<Unit filename="../common/JackFreewheelDriver.h" />
		<Unit filename="../common/JackGenericClientChannel.cpp" />
		<Unit filename="../common/JackGenericClientChannel.h" />
		<Unit filename="../common/JackGlobals.cpp" />
		<Unit filename="../common/JackGlobals.h" />
		<Unit filename="../common/JackGraphManager.cpp" />
		<Unit filename="../common/JackGraphManager.h" />
		<Unit filename="../common/JackInternalClient.cpp" />
		<Unit filename="../common/JackInternalClient.h" />
		<Unit filename="../common/JackInternalClientChannel.h" />
		<Unit filename="../common/JackLibAPI.cpp" />
		<Unit filename="../common/JackLibClient.cpp" />
		<Unit filename="../common/JackLibClient.h" />
		<Unit filename="../common/JackLibGlobals.h" />
		<Unit filename="../common/JackLibSampleRateResampler.cpp" />
		<Unit filename="../common/JackLibSampleRateResampler.h" />
		<Unit filename="../common/JackLockedEngine.h" />
		<Unit filename="../common/JackLoopbackDriver.cpp" />
		<Unit filename="../common/JackLoopbackDriver.h" />
		<Unit filename="../common/JackMessageBuffer.cpp" />
		<Unit filename="../common/JackMessageBuffer.h" />
		<Unit filename="../common/JackMidiAPI.cpp" />
		<Unit filename="../common/JackMidiAsyncQueue.cpp" />
		<Unit filename="../common/JackMidiAsyncQueue.h" />
		<Unit filename="../common/JackMidiAsyncWaitQueue.cpp" />
		<Unit filename="../common/JackMidiAsyncWaitQueue.h" />
		<Unit filename="../common/JackMidiBufferReadQueue.cpp" />
		<Unit filename="../common/JackMidiBufferReadQueue.h" />
		<Unit filename="../common/JackMidiBufferWriteQueue.cpp" />
		<Unit filename="../common/JackMidiBufferWriteQueue.h" />
		<Unit filename="../common/JackMidiDriver.cpp" />
		<Unit filename="../common/JackMidiDriver.h" />
		<Unit filename="../common/JackMidiPort.cpp" />
		<Unit filename="../common/JackMidiPort.h" />
		<Unit filename="../common/JackMidiRawInputWriteQueue.cpp" />
		<Unit filename="../common/JackMidiRawInputWriteQueue.h" />
		<Unit filename="../common/JackMidiRawOutputWriteQueue.cpp" />
		<Unit filename="../common/JackMidiRawOutputWriteQueue.h" />
		<Unit filename="../common/JackMidiReadQueue.cpp" />
		<Unit filename="../common/JackMidiReadQueue.h" />
		<Unit filename="../common/JackMidiReceiveQueue.cpp" />
		<Unit filename="../common/JackMidiReceiveQueue.h" />
		<Unit filename="../common/JackMidiSendQueue.cpp" />
		<Unit filename="../common/JackMidiSendQueue.h" />
		<Unit filename="../common/JackMidiUtil.cpp" />
		<Unit filename="../common/JackMidiUtil.h" />
		<Unit filename="../common/JackMidiWriteQueue.cpp" />
		<Unit filename="../common/JackMidiWriteQueue.h" />
		<Unit filename="../common/JackMutex.h" />
		<Unit filename="../common/JackNetAPI.cpp" />
		<Unit filename="../common/JackNetAdapter.cpp" />
		<Unit filename="../common/JackNetAdapter.h" />
		<Unit filename="../common/JackNetDriver.cpp" />
		<Unit filename="../common/JackNetDriver.h" />
		<Unit filename="../common/JackNetInterface.cpp" />
		<Unit filename="../common/JackNetInterface.h" />
		<Unit filename="../common/JackNetManager.cpp" />
		<Unit filename="../common/JackNetManager.h" />
		<Unit filename="../common/JackNetOneDriver.cpp" />
		<Unit filename="../common/JackNetOneDriver.h" />
		<Unit filename="../common/JackNetSocket.h" />
		<Unit filename="../common/JackNetTool.cpp" />
		<Unit filename="../common/JackNetTool.h" />
		<Unit filename="../common/JackNotification.h" />
		<Unit filename="../common/JackPlatformPlug.h" />
		<Unit filename="../common/JackPort.cpp" />
		<Unit filename="../common/JackPort.h" />
		<Unit filename="../common/JackPortType.cpp" />
		<Unit filename="../common/JackPortType.h" />
		<Unit filename="../common/JackProfiler.cpp" />
		<Unit filename="../common/JackProfiler.h" />
		<Unit filename="../common/JackRequest.h" />
		<Unit filename="../common/JackRequestDecoder.cpp" />
		<Unit filename="../common/JackRequestDecoder.h" />
		<Unit filename="../common/JackResampler.cpp" />
		<Unit filename="../common/JackResampler.h" />
		<Unit filename="../common/JackRestartThreadedDriver.cpp" />
		<Unit filename="../common/JackRestartThreadedDriver.h" />
		<Unit filename="../common/JackServer.cpp" />
		<Unit filename="../common/JackServer.h" />
		<Unit filename="../common/JackServerAPI.cpp" />
		<Unit filename="../common/JackServerGlobals.cpp" />
		<Unit filename="../common/JackServerGlobals.h" />
		<Unit filename="../common/JackServerLaunch.h" />
		<Unit filename="../common/JackSession.h" />
		<Unit filename="../common/JackShmMem.cpp" />
		<Unit filename="../common/JackShmMem.h" />
		<Unit filename="../common/JackSynchro.h" />
		<Unit filename="../common/JackSystemDeps.h" />
		<Unit filename="../common/JackThread.h" />
		<Unit filename="../common/JackThreadedDriver.cpp" />
		<Unit filename="../common/JackThreadedDriver.h" />
		<Unit filename="../common/JackTime.h" />
		<Unit filename="../common/JackTimedDriver.cpp" />
		<Unit filename="../common/JackTimedDriver.h" />
		<Unit filename="../common/JackTools.cpp" />
		<Unit filename="../common/JackTools.h" />
		<Unit filename="../common/JackTransportEngine.cpp" />
		<Unit filename="../common/JackTransportEngine.h" />
		<Unit filename="../common/JackTypes.h" />
		<Unit filename="../common/JackWaitThreadedDriver.cpp" />
		<Unit filename="../common/JackWaitThreadedDriver.h" />
		<Unit filename="../common/JackWeakAPI.c">
			<Option compilerVar="CC" />
		</Unit>
		<Unit filename="../common/Jackdmp.cpp" />
		<Unit filename="../common/driver_interface.h" />
		<Unit filename="../common/jack/control.h" />
		<Unit filename="../common/jack/intclient.h" />
		<Unit filename="../common/jack/jack.h" />
		<Unit filename="../common/jack/jslist.h" />
		<Unit filename="../common/jack/midiport.h" />
		<Unit filename="../common/jack/net.h" />
		<Unit filename="../common/jack/ringbuffer.h" />
		<Unit filename="../common/jack/session.h" />
		<Unit filename="../common/jack/statistics.h" />
		<Unit filename="../common/jack/systemdeps.h" />
		<Unit filename="../common/jack/thread.h" />
		<Unit filename="../common/jack/transport.h" />
		<Unit filename="../common/jack/types.h" />
		<Unit filename="../common/jack/weakjack.h" />
		<Unit filename="../common/jack/weakmacros.h" />
		<Unit filename="../common/memops.c">
			<Option compilerVar="CC" />
		</Unit>
		<Unit filename="../common/memops.h" />
		<Unit filename="../common/netjack.c">
			<Option compilerVar="CC" />
		</Unit>
		<Unit filename="../common/netjack.h" />
		<Unit filename="../common/netjack_packet.c">
			<Option compilerVar="CC" />
		</Unit>
		<Unit filename="../common/netjack_packet.h" />
		<Unit filename="../common/ringbuffer.c">
			<Option compilerVar="CC" />
		</Unit>
		<Unit filename="../common/shm.c">
			<Option compilerVar="CC" />
		</Unit>
		<Unit filename="../common/shm.h" />
		<Unit filename="../common/timestamps.c">
			<Option compilerVar="CC" />
		</Unit>
		<Unit filename="../common/timestamps.h" />
		<Unit filename="../common/varargs.h" />
		<Unit filename="../common/wscript" />
		<Unit filename="../dbus/audio_reserve.c">
			<Option compilerVar="CC" />
		</Unit>
		<Unit filename="../dbus/audio_reserve.h" />
		<Unit filename="../dbus/controller.c">
			<Option compilerVar="CC" />
		</Unit>
		<Unit filename="../dbus/controller.h" />
		<Unit filename="../dbus/controller_iface_configure.c">
			<Option compilerVar="CC" />
		</Unit>
		<Unit filename="../dbus/controller_iface_control.c">
			<Option compilerVar="CC" />
		</Unit>
		<Unit filename="../dbus/controller_iface_introspectable.c">
			<Option compilerVar="CC" />
		</Unit>
		<Unit filename="../dbus/controller_iface_patchbay.c">
			<Option compilerVar="CC" />
		</Unit>
		<Unit filename="../dbus/controller_iface_session_manager.c">
			<Option compilerVar="CC" />
		</Unit>
		<Unit filename="../dbus/controller_iface_transport.c">
			<Option compilerVar="CC" />
		</Unit>
		<Unit filename="../dbus/controller_internal.h" />
		<Unit filename="../dbus/jackdbus.c">
			<Option compilerVar="CC" />
		</Unit>
		<Unit filename="../dbus/jackdbus.h" />
		<Unit filename="../dbus/list.h" />
		<Unit filename="../dbus/org.jackaudio.service.in" />
		<Unit filename="../dbus/params.c">
			<Option compilerVar="CC" />
		</Unit>
		<Unit filename="../dbus/params.h" />
		<Unit filename="../dbus/reserve.c">
			<Option compilerVar="CC" />
		</Unit>
		<Unit filename="../dbus/reserve.h" />
		<Unit filename="../dbus/sigsegv.c">
			<Option compilerVar="CC" />
		</Unit>
		<Unit filename="../dbus/sigsegv.h" />
		<Unit filename="../dbus/wscript" />
		<Unit filename="../dbus/xml.c">
			<Option compilerVar="CC" />
		</Unit>
		<Unit filename="../dbus/xml.h" />
		<Unit filename="../dbus/xml_expat.c">
			<Option compilerVar="CC" />
		</Unit>
		<Unit filename="../dbus/xml_nop.c">
			<Option compilerVar="CC" />
		</Unit>
		<Unit filename="../dbus/xml_write_raw.c">
			<Option compilerVar="CC" />
		</Unit>
		<Unit filename="../example-clients/alias.c">
			<Option compilerVar="CC" />
		</Unit>
		<Unit filename="../example-clients/alsa_in.c">
			<Option compilerVar="CC" />
		</Unit>
		<Unit filename="../example-clients/alsa_out.c">
			<Option compilerVar="CC" />
		</Unit>
		<Unit filename="../example-clients/bufsize.c">
			<Option compilerVar="CC" />
		</Unit>
		<Unit filename="../example-clients/capture_client.c">
			<Option compilerVar="CC" />
		</Unit>
		<Unit filename="../example-clients/connect.c">
			<Option compilerVar="CC" />
		</Unit>
		<Unit filename="../example-clients/control.c">
			<Option compilerVar="CC" />
		</Unit>
		<Unit filename="../example-clients/cpu_load.c">
			<Option compilerVar="CC" />
		</Unit>
		<Unit filename="../example-clients/evmon.c">
			<Option compilerVar="CC" />
		</Unit>
		<Unit filename="../example-clients/freewheel.c">
			<Option compilerVar="CC" />
		</Unit>
		<Unit filename="../example-clients/impulse_grabber.c">
			<Option compilerVar="CC" />
		</Unit>
		<Unit filename="../example-clients/inprocess.c">
			<Option compilerVar="CC" />
		</Unit>
		<Unit filename="../example-clients/internal_metro.cpp" />
		<Unit filename="../example-clients/internal_metro.h" />
		<Unit filename="../example-clients/ipload.c">
			<Option compilerVar="CC" />
		</Unit>
		<Unit filename="../example-clients/ipunload.c">
			<Option compilerVar="CC" />
		</Unit>
		<Unit filename="../example-clients/latent_client.c">
			<Option compilerVar="CC" />
		</Unit>
		<Unit filename="../example-clients/lsp.c">
			<Option compilerVar="CC" />
		</Unit>
		<Unit filename="../example-clients/metro.c">
			<Option compilerVar="CC" />
		</Unit>
		<Unit filename="../example-clients/midi_dump.c">
			<Option compilerVar="CC" />
		</Unit>
		<Unit filename="../example-clients/midi_latency_test.c">
			<Option compilerVar="CC" />
		</Unit>
		<Unit filename="../example-clients/midiseq.c">
			<Option compilerVar="CC" />
		</Unit>
		<Unit filename="../example-clients/midisine.c">
			<Option compilerVar="CC" />
		</Unit>
		<Unit filename="../example-clients/monitor_client.c">
			<Option compilerVar="CC" />
		</Unit>
		<Unit filename="../example-clients/netmaster.c">
			<Option compilerVar="CC" />
		</Unit>
		<Unit filename="../example-clients/netslave.c">
			<Option compilerVar="CC" />
		</Unit>
		<Unit filename="../example-clients/netsource.c">
			<Option compilerVar="CC" />
		</Unit>
		<Unit filename="../example-clients/samplerate.c">
			<Option compilerVar="CC" />
		</Unit>
		<Unit filename="../example-clients/server_control.cpp" />
		<Unit filename="../example-clients/session_notify.c">
			<Option compilerVar="CC" />
		</Unit>
		<Unit filename="../example-clients/showtime.c">
			<Option compilerVar="CC" />
		</Unit>
		<Unit filename="../example-clients/simple_client.c">
			<Option compilerVar="CC" />
		</Unit>
		<Unit filename="../example-clients/simple_session_client.c">
			<Option compilerVar="CC" />
		</Unit>
		<Unit filename="../example-clients/thru_client.c">
			<Option compilerVar="CC" />
		</Unit>
		<Unit filename="../example-clients/transport.c">
			<Option compilerVar="CC" />
		</Unit>
		<Unit filename="../example-clients/tw.c">
			<Option compilerVar="CC" />
		</Unit>
		<Unit filename="../example-clients/wait.c">
			<Option compilerVar="CC" />
		</Unit>
		<Unit filename="../example-clients/wscript" />
		<Unit filename="../example-clients/zombie.c">
			<Option compilerVar="CC" />
		</Unit>
		<Unit filename="../linux/JackAtomic_os.h" />
		<Unit filename="../linux/JackLinuxTime.c">
			<Option compilerVar="CC" />
		</Unit>
		<Unit filename="../linux/JackPlatformPlug_os.h" />
		<Unit filename="../linux/alsa/JackAlsaAdapter.cpp" />
		<Unit filename="../linux/alsa/JackAlsaAdapter.h" />
		<Unit filename="../linux/alsa/JackAlsaDriver.cpp" />
		<Unit filename="../linux/alsa/JackAlsaDriver.h" />
		<Unit filename="../linux/alsa/alsa_driver.c">
			<Option compilerVar="CC" />
		</Unit>
		<Unit filename="../linux/alsa/alsa_driver.h" />
		<Unit filename="../linux/alsa/alsa_midi.h" />
		<Unit filename="../linux/alsa/alsa_midi_impl.h" />
		<Unit filename="../linux/alsa/alsa_midi_jackmp.cpp" />
		<Unit filename="../linux/alsa/alsa_rawmidi.c">
			<Option compilerVar="CC" />
		</Unit>
		<Unit filename="../linux/alsa/alsa_seqmidi.c">
			<Option compilerVar="CC" />
		</Unit>
		<Unit filename="../linux/alsa/bitset.h" />
		<Unit filename="../linux/alsa/generic.h" />
		<Unit filename="../linux/alsa/generic_hw.c">
			<Option compilerVar="CC" />
		</Unit>
		<Unit filename="../linux/alsa/hammerfall.c">
			<Option compilerVar="CC" />
		</Unit>
		<Unit filename="../linux/alsa/hammerfall.h" />
		<Unit filename="../linux/alsa/hardware.h" />
		<Unit filename="../linux/alsa/hdsp.c">
			<Option compilerVar="CC" />
		</Unit>
		<Unit filename="../linux/alsa/hdsp.h" />
		<Unit filename="../linux/alsa/ice1712.c">
			<Option compilerVar="CC" />
		</Unit>
		<Unit filename="../linux/alsa/ice1712.h" />
		<Unit filename="../linux/alsa/jslist.h" />
		<Unit filename="../linux/alsa/midi_pack.h" />
		<Unit filename="../linux/alsa/midi_unpack.h" />
		<Unit filename="../linux/alsa/usx2y.c">
			<Option compilerVar="CC" />
		</Unit>
		<Unit filename="../linux/alsa/usx2y.h" />
		<Unit filename="../linux/alsarawmidi/JackALSARawMidiDriver.cpp" />
		<Unit filename="../linux/alsarawmidi/JackALSARawMidiDriver.h" />
		<Unit filename="../linux/alsarawmidi/JackALSARawMidiInputPort.cpp" />
		<Unit filename="../linux/alsarawmidi/JackALSARawMidiInputPort.h" />
		<Unit filename="../linux/alsarawmidi/JackALSARawMidiOutputPort.cpp" />
		<Unit filename="../linux/alsarawmidi/JackALSARawMidiOutputPort.h" />
		<Unit filename="../linux/alsarawmidi/JackALSARawMidiPort.cpp" />
		<Unit filename="../linux/alsarawmidi/JackALSARawMidiPort.h" />
		<Unit filename="../linux/alsarawmidi/JackALSARawMidiReceiveQueue.cpp" />
		<Unit filename="../linux/alsarawmidi/JackALSARawMidiReceiveQueue.h" />
		<Unit filename="../linux/alsarawmidi/JackALSARawMidiSendQueue.cpp" />
		<Unit filename="../linux/alsarawmidi/JackALSARawMidiSendQueue.h" />
		<Unit filename="../linux/alsarawmidi/JackALSARawMidiUtil.cpp" />
		<Unit filename="../linux/alsarawmidi/JackALSARawMidiUtil.h" />
		<Unit filename="../linux/cycles.h" />
		<Unit filename="../linux/driver.h" />
		<Unit filename="../linux/firewire/JackFFADODriver.cpp" />
		<Unit filename="../linux/firewire/JackFFADODriver.h" />
		<Unit filename="../linux/firewire/JackFFADOMidiInputPort.cpp" />
		<Unit filename="../linux/firewire/JackFFADOMidiInputPort.h" />
		<Unit filename="../linux/firewire/JackFFADOMidiOutputPort.cpp" />
		<Unit filename="../linux/firewire/JackFFADOMidiOutputPort.h" />
		<Unit filename="../linux/firewire/JackFFADOMidiReceiveQueue.cpp" />
		<Unit filename="../linux/firewire/JackFFADOMidiReceiveQueue.h" />
		<Unit filename="../linux/firewire/JackFFADOMidiSendQueue.cpp" />
		<Unit filename="../linux/firewire/JackFFADOMidiSendQueue.h" />
		<Unit filename="../linux/firewire/ffado_driver.h" />
		<Unit filename="../linux/freebob/JackFreebobDriver.cpp" />
		<Unit filename="../linux/freebob/JackFreebobDriver.h" />
		<Unit filename="../linux/freebob/freebob_driver.h" />
		<Unit filename="../linux/iio/JackIIODriver.C">
			<Option compilerVar="CC" />
		</Unit>
		<Unit filename="../linux/iio/JackIIODriver.H" />
		<Unit filename="../linux/wscript" />
		<Unit filename="../macosx/JackAtomic_os.h" />
		<Unit filename="../macosx/JackCompilerDeps_os.h" />
		<Unit filename="../macosx/JackMachSemaphore.cpp" />
		<Unit filename="../macosx/JackMachSemaphore.h" />
		<Unit filename="../macosx/JackMachThread.cpp" />
		<Unit filename="../macosx/JackMachThread.h" />
		<Unit filename="../macosx/JackMachTime.c">
			<Option compilerVar="CC" />
		</Unit>
		<Unit filename="../macosx/JackPlatformPlug_os.h" />
		<Unit filename="../macosx/coreaudio/JackCoreAudioAdapter.cpp" />
		<Unit filename="../macosx/coreaudio/JackCoreAudioAdapter.h" />
		<Unit filename="../macosx/coreaudio/JackCoreAudioDriver.cpp" />
		<Unit filename="../macosx/coreaudio/JackCoreAudioDriver.h" />
		<Unit filename="../macosx/coreaudio/TiPhoneCoreAudioRenderer.cpp" />
		<Unit filename="../macosx/coreaudio/TiPhoneCoreAudioRenderer.h" />
		<Unit filename="../macosx/coremidi/JackCoreMidiDriver.cpp" />
		<Unit filename="../macosx/coremidi/JackCoreMidiDriver.h" />
		<Unit filename="../macosx/coremidi/JackCoreMidiInputPort.cpp" />
		<Unit filename="../macosx/coremidi/JackCoreMidiInputPort.h" />
		<Unit filename="../macosx/coremidi/JackCoreMidiOutputPort.cpp" />
		<Unit filename="../macosx/coremidi/JackCoreMidiOutputPort.h" />
		<Unit filename="../macosx/coremidi/JackCoreMidiPhysicalInputPort.cpp" />
		<Unit filename="../macosx/coremidi/JackCoreMidiPhysicalInputPort.h" />
		<Unit filename="../macosx/coremidi/JackCoreMidiPhysicalOutputPort.cpp" />
		<Unit filename="../macosx/coremidi/JackCoreMidiPhysicalOutputPort.h" />
		<Unit filename="../macosx/coremidi/JackCoreMidiPort.cpp" />
		<Unit filename="../macosx/coremidi/JackCoreMidiPort.h" />
		<Unit filename="../macosx/coremidi/JackCoreMidiUtil.cpp" />
		<Unit filename="../macosx/coremidi/JackCoreMidiUtil.h" />
		<Unit filename="../macosx/coremidi/JackCoreMidiVirtualInputPort.cpp" />
		<Unit filename="../macosx/coremidi/JackCoreMidiVirtualInputPort.h" />
		<Unit filename="../macosx/coremidi/JackCoreMidiVirtualOutputPort.cpp" />
		<Unit filename="../macosx/coremidi/JackCoreMidiVirtualOutputPort.h" />
		<Unit filename="../macosx/iphone/iPhoneNetAppDelegate.h" />
		<Unit filename="../posix/JackCompilerDeps_os.h" />
		<Unit filename="../posix/JackFifo.cpp" />
		<Unit filename="../posix/JackFifo.h" />
		<Unit filename="../posix/JackNetUnixSocket.cpp" />
		<Unit filename="../posix/JackNetUnixSocket.h" />
		<Unit filename="../posix/JackPosixMutex.cpp" />
		<Unit filename="../posix/JackPosixMutex.h" />
		<Unit filename="../posix/JackPosixProcessSync.cpp" />
		<Unit filename="../posix/JackPosixProcessSync.h" />
		<Unit filename="../posix/JackPosixSemaphore.cpp" />
		<Unit filename="../posix/JackPosixSemaphore.h" />
		<Unit filename="../posix/JackPosixServerLaunch.cpp" />
		<Unit filename="../posix/JackPosixThread.cpp" />
		<Unit filename="../posix/JackPosixThread.h" />
		<Unit filename="../posix/JackShmMem_os.h" />
		<Unit filename="../posix/JackSocket.cpp" />
		<Unit filename="../posix/JackSocket.h" />
		<Unit filename="../posix/JackSocketClientChannel.cpp" />
		<Unit filename="../posix/JackSocketClientChannel.h" />
		<Unit filename="../posix/JackSocketNotifyChannel.cpp" />
		<Unit filename="../posix/JackSocketNotifyChannel.h" />
		<Unit filename="../posix/JackSocketServerChannel.cpp" />
		<Unit filename="../posix/JackSocketServerChannel.h" />
		<Unit filename="../posix/JackSocketServerNotifyChannel.cpp" />
		<Unit filename="../posix/JackSocketServerNotifyChannel.h" />
		<Unit filename="../posix/JackSystemDeps_os.h" />
		<Unit filename="../posix/JackTypes_os.h" />
		<Unit filename="../solaris/JackAtomic_os.h" />
		<Unit filename="../solaris/JackPlatformPlug_os.h" />
		<Unit filename="../solaris/JackSolarisTime.c">
			<Option compilerVar="CC" />
		</Unit>
		<Unit filename="../solaris/oss/JackBoomerDriver.cpp" />
		<Unit filename="../solaris/oss/JackBoomerDriver.h" />
		<Unit filename="../solaris/oss/JackOSSAdapter.cpp" />
		<Unit filename="../solaris/oss/JackOSSAdapter.h" />
		<Unit filename="../solaris/oss/JackOSSDriver.cpp" />
		<Unit filename="../solaris/oss/JackOSSDriver.h" />
		<Unit filename="../tests/cpu.c">
			<Option compilerVar="CC" />
		</Unit>
		<Unit filename="../tests/external_metro.cpp" />
		<Unit filename="../tests/external_metro.h" />
		<Unit filename="../tests/iodelay.cpp" />
		<Unit filename="../tests/test.cpp" />
		<Unit filename="../tests/testAtomic.cpp" />
		<Unit filename="../tests/testMutex.cpp" />
		<Unit filename="../tests/testSem.cpp" />
		<Unit filename="../tests/testSynchroClient.cpp" />
		<Unit filename="../tests/testSynchroServer.cpp" />
		<Unit filename="../tests/testSynchroServerClient.cpp" />
		<Unit filename="../tests/testThread.cpp" />
		<Unit filename="../tests/wscript" />
		<Unit filename="../windows/JackAtomic_os.h" />
		<Unit filename="../windows/JackCompilerDeps_os.h" />
		<Unit filename="../windows/JackMMCSS.cpp" />
		<Unit filename="../windows/JackMMCSS.h" />
		<Unit filename="../windows/JackNetWinSocket.cpp" />
		<Unit filename="../windows/JackNetWinSocket.h" />
		<Unit filename="../windows/JackPlatformPlug_os.h" />
		<Unit filename="../windows/JackRouter/JackRouter.cpp" />
		<Unit filename="../windows/JackRouter/JackRouter.h" />
		<Unit filename="../windows/JackRouter/profport.cpp" />
		<Unit filename="../windows/JackRouter/profport.h" />
		<Unit filename="../windows/JackRouter/psapi.h" />
		<Unit filename="../windows/JackRouter/resource.h" />
		<Unit filename="../windows/JackRouter/resource.rc" />
		<Unit filename="../windows/JackShmMem_os.h" />
		<Unit filename="../windows/JackSystemDeps_os.h" />
		<Unit filename="../windows/JackTypes_os.h" />
		<Unit filename="../windows/JackWinEvent.cpp" />
		<Unit filename="../windows/JackWinEvent.h" />
		<Unit filename="../windows/JackWinMutex.cpp" />
		<Unit filename="../windows/JackWinMutex.h" />
		<Unit filename="../windows/JackWinNamedPipe.cpp" />
		<Unit filename="../windows/JackWinNamedPipe.h" />
		<Unit filename="../windows/JackWinNamedPipeClientChannel.cpp" />
		<Unit filename="../windows/JackWinNamedPipeClientChannel.h" />
		<Unit filename="../windows/JackWinNamedPipeNotifyChannel.cpp" />
		<Unit filename="../windows/JackWinNamedPipeNotifyChannel.h" />
		<Unit filename="../windows/JackWinNamedPipeServerChannel.cpp" />
		<Unit filename="../windows/JackWinNamedPipeServerChannel.h" />
		<Unit filename="../windows/JackWinNamedPipeServerNotifyChannel.cpp" />
		<Unit filename="../windows/JackWinNamedPipeServerNotifyChannel.h" />
		<Unit filename="../windows/JackWinProcessSync.cpp" />
		<Unit filename="../windows/JackWinProcessSync.h" />
		<Unit filename="../windows/JackWinSemaphore.cpp" />
		<Unit filename="../windows/JackWinSemaphore.h" />
		<Unit filename="../windows/JackWinServerLaunch.cpp" />
		<Unit filename="../windows/JackWinThread.cpp" />
		<Unit filename="../windows/JackWinThread.h" />
		<Unit filename="../windows/JackWinTime.c">
			<Option compilerVar="CC" />
		</Unit>
		<Unit filename="../windows/getopt.c">
			<Option compilerVar="CC" />
		</Unit>
		<Unit filename="../windows/getopt.h" />
		<Unit filename="../windows/getopt1.c">
			<Option compilerVar="CC" />
		</Unit>
		<Unit filename="../windows/jackaudioadapter.rc" />
		<Unit filename="../windows/jackd.rc" />
		<Unit filename="../windows/jackdummydriver.rc" />
		<Unit filename="../windows/jackloopbackdriver.rc" />
		<Unit filename="../windows/jacknetadapter.rc" />
		<Unit filename="../windows/jacknetdriver.rc" />
		<Unit filename="../windows/jacknetmanager.rc" />
		<Unit filename="../windows/jacknetonedriver.rc" />
		<Unit filename="../windows/jackportaudio.rc" />
		<Unit filename="../windows/jackwinmme.rc" />
		<Unit filename="../windows/libjack.rc" />
		<Unit filename="../windows/libjacknet.rc" />
		<Unit filename="../windows/libjackserver.rc" />
		<Unit filename="../windows/portaudio/JackPortAudioAdapter.cpp" />
		<Unit filename="../windows/portaudio/JackPortAudioAdapter.h" />
		<Unit filename="../windows/portaudio/JackPortAudioDevices.cpp" />
		<Unit filename="../windows/portaudio/JackPortAudioDevices.h" />
		<Unit filename="../windows/portaudio/JackPortAudioDriver.cpp" />
		<Unit filename="../windows/portaudio/JackPortAudioDriver.h" />
		<Unit filename="../windows/portaudio/pa_asio.h" />
		<Unit filename="../windows/portaudio/portaudio.h" />
		<Unit filename="../windows/resource.h" />
		<Unit filename="../windows/resource_vc.h" />
		<Unit filename="../windows/samplerate.h" />
		<Unit filename="../windows/winmme/JackWinMMEDriver.cpp" />
		<Unit filename="../windows/winmme/JackWinMMEDriver.h" />
		<Unit filename="../windows/winmme/JackWinMMEInputPort.cpp" />
		<Unit filename="../windows/winmme/JackWinMMEInputPort.h" />
		<Unit filename="../windows/winmme/JackWinMMEOutputPort.cpp" />
		<Unit filename="../windows/winmme/JackWinMMEOutputPort.h" />
		<Unit filename="../windows/winmme/JackWinMMEPort.cpp" />
		<Unit filename="../windows/winmme/JackWinMMEPort.h" />
		<Unit filename="../wscript" />
		<Extensions>
			<envvars />
			<code_completion />
			<debugger />
		</Extensions>
	</Project>
</CodeBlocks_project_file>
