<?xml version="1.0" encoding="utf-8"?>
<Project ToolsVersion="4.0" xmlns="http://schemas.microsoft.com/developer/msbuild/2003">
  <ItemGroup>
    <Filter Include="Source Files">
      <UniqueIdentifier>{72f2b2b0-dbea-4574-94fa-0c1ea89a3c8e}</UniqueIdentifier>
      <Extensions>cpp;c;cxx;rc;def;r;odl;idl;hpj;bat</Extensions>
    </Filter>
    <Filter Include="Header Files">
      <UniqueIdentifier>{9590ca0b-94c8-4c22-88b2-66724eb0ea21}</UniqueIdentifier>
      <Extensions>h;hpp;hxx;hm;inl</Extensions>
    </Filter>
    <Filter Include="Resource Files">
      <UniqueIdentifier>{9742e150-2741-4bf4-9b81-bea4aab464af}</UniqueIdentifier>
      <Extensions>ico;cur;bmp;dlg;rc2;rct;bin;rgs;gif;jpg;jpeg;jpe</Extensions>
    </Filter>
  </ItemGroup>
  <ItemGroup>
    <ClCompile Include="..\..\..\..\..\ASIOSDK2\common\combase.cpp">
      <Filter>Source Files</Filter>
    </ClCompile>
    <ClCompile Include="..\..\..\..\..\ASIOSDK2\common\dllentry.cpp">
      <Filter>Source Files</Filter>
    </ClCompile>
    <ClCompile Include="JackRouter.cpp">
      <Filter>Source Files</Filter>
    </ClCompile>
    <ClCompile Include="profport.cpp">
      <Filter>Source Files</Filter>
    </ClCompile>
    <ClCompile Include="..\..\..\..\..\ASIOSDK2\common\register.cpp">
      <Filter>Source Files</Filter>
    </ClCompile>
  </ItemGroup>
  <ItemGroup>
    <ResourceCompile Include="resource.rc">
      <Filter>Source Files</Filter>
    </ResourceCompile>
  </ItemGroup>
  <ItemGroup>
    <ClInclude Include="..\..\..\common\asio.h">
      <Filter>Header Files</Filter>
    </ClInclude>
    <ClInclude Include="..\..\Common\Asiodrvr.h">
      <Filter>Header Files</Filter>
    </ClInclude>
    <ClInclude Include="..\asiosmpl.h">
      <Filter>Header Files</Filter>
    </ClInclude>
    <ClInclude Include="..\..\..\common\asiosys.h">
      <Filter>Header Files</Filter>
    </ClInclude>
    <ClInclude Include="..\..\..\common\combase.h">
      <Filter>Header Files</Filter>
    </ClInclude>
    <ClInclude Include="..\..\..\common\iasiodrv.h">
      <Filter>Header Files</Filter>
    </ClInclude>
  </ItemGroup>
  <ItemGroup>
    <Library Include="..\Release\bin\libjack.lib" />
    <Library Include="..\Release64\bin\libjack64.lib" />
    <Library Include="Psapi.Lib" />
  </ItemGroup>
  <ItemGroup>
    <CustomBuild Include="JackRouter.def">
      <Filter>Source Files</Filter>
    </CustomBuild>
  </ItemGroup>
</Project>