// !$*UTF8*$!
{
	archiveVersion = 1;
	classes = {
	};
	objectVersion = 45;
	objects = {

/* Begin PBXBuildFile section */
		1D60589F0D05DD5A006BFB54 /* Foundation.framework in Frameworks */ = {isa = PBXBuildFile; fileRef = 1D30AB110D05D00D00671497 /* Foundation.framework */; };
		1DF5F4E00D08C38300B7A737 /* UIKit.framework in Frameworks */ = {isa = PBXBuildFile; fileRef = 1DF5F4DF0D08C38300B7A737 /* UIKit.framework */; };
		288765FD0DF74451002DB57D /* CoreGraphics.framework in Frameworks */ = {isa = PBXBuildFile; fileRef = 288765FC0DF74451002DB57D /* CoreGraphics.framework */; };
		28AD733F0D9D9553002E5188 /* MainWindow.xib in Resources */ = {isa = PBXBuildFile; fileRef = 28AD733E0D9D9553002E5188 /* MainWindow.xib */; };
		4B0772210F54018C000DC657 /* MainWindow.xib in Resources */ = {isa = PBXBuildFile; fileRef = 28AD733E0D9D9553002E5188 /* MainWindow.xib */; };
		4B0772240F54018C000DC657 /* JackMachThread.cpp in Sources */ = {isa = PBXBuildFile; fileRef = 4B1A93550F49ACFC00D3626B /* JackMachThread.cpp */; };
		4B0772250F54018C000DC657 /* JackMachTime.c in Sources */ = {isa = PBXBuildFile; fileRef = 4B1A93870F49B0E300D3626B /* JackMachTime.c */; };
		4B0772260F54018C000DC657 /* JackNetAPI.cpp in Sources */ = {isa = PBXBuildFile; fileRef = 4B1A930D0F49AB2A00D3626B /* JackNetAPI.cpp */; };
		4B0772270F54018C000DC657 /* JackNetInterface.cpp in Sources */ = {isa = PBXBuildFile; fileRef = 4B1A930F0F49AB2F00D3626B /* JackNetInterface.cpp */; };
		4B0772280F54018C000DC657 /* JackNetTool.cpp in Sources */ = {isa = PBXBuildFile; fileRef = 4B1A93110F49AB3400D3626B /* JackNetTool.cpp */; };
		4B0772290F54018C000DC657 /* JackNetUnixSocket.cpp in Sources */ = {isa = PBXBuildFile; fileRef = 4B1A93510F49ACF300D3626B /* JackNetUnixSocket.cpp */; };
		4B07722A0F54018C000DC657 /* JackPosixThread.cpp in Sources */ = {isa = PBXBuildFile; fileRef = 4B1A933B0F49AC4500D3626B /* JackPosixThread.cpp */; };
		4B07722C0F54018C000DC657 /* JackAudioAdapterInterface.cpp in Sources */ = {isa = PBXBuildFile; fileRef = 4BF1360E0F4B0B4C00218A3F /* JackAudioAdapterInterface.cpp */; };
		4B07722D0F54018C000DC657 /* JackResampler.cpp in Sources */ = {isa = PBXBuildFile; fileRef = 4BF1364B0F4B0F7700218A3F /* JackResampler.cpp */; };
		4B07722E0F54018C000DC657 /* ringbuffer.c in Sources */ = {isa = PBXBuildFile; fileRef = 4BF136540F4B0F9F00218A3F /* ringbuffer.c */; };
		4B0772310F54018C000DC657 /* Foundation.framework in Frameworks */ = {isa = PBXBuildFile; fileRef = 1D30AB110D05D00D00671497 /* Foundation.framework */; };
		4B0772320F54018C000DC657 /* UIKit.framework in Frameworks */ = {isa = PBXBuildFile; fileRef = 1DF5F4DF0D08C38300B7A737 /* UIKit.framework */; };
		4B0772330F54018C000DC657 /* CoreGraphics.framework in Frameworks */ = {isa = PBXBuildFile; fileRef = 288765FC0DF74451002DB57D /* CoreGraphics.framework */; };
		4B0772340F54018C000DC657 /* AudioToolbox.framework in Frameworks */ = {isa = PBXBuildFile; fileRef = 4B1A95750F49CEAB00D3626B /* AudioToolbox.framework */; };
		4B07724A0F54021B000DC657 /* main_slave.mm in Sources */ = {isa = PBXBuildFile; fileRef = 4B0772490F54021B000DC657 /* main_slave.mm */; };
		4B0773860F541EE2000DC657 /* iPhoneNetAppDelegate.m in Sources */ = {isa = PBXBuildFile; fileRef = 4B0773850F541EE2000DC657 /* iPhoneNetAppDelegate.m */; };
		4B0773870F541EE2000DC657 /* iPhoneNetAppDelegate.m in Sources */ = {isa = PBXBuildFile; fileRef = 4B0773850F541EE2000DC657 /* iPhoneNetAppDelegate.m */; };
		4B0773880F541EE2000DC657 /* iPhoneNetAppDelegate.m in Sources */ = {isa = PBXBuildFile; fileRef = 4B0773850F541EE2000DC657 /* iPhoneNetAppDelegate.m */; };
		4B1A94140F49BE2C00D3626B /* iPhoneNet_Prefix.pch in Headers */ = {isa = PBXBuildFile; fileRef = 32CA4F630368D1EE00C91783 /* iPhoneNet_Prefix.pch */; };
		4B1A94150F49BE2F00D3626B /* JackMachThread.cpp in Sources */ = {isa = PBXBuildFile; fileRef = 4B1A93550F49ACFC00D3626B /* JackMachThread.cpp */; };
		4B1A94160F49BE3000D3626B /* JackMachThread.h in Headers */ = {isa = PBXBuildFile; fileRef = 4B1A93540F49ACFC00D3626B /* JackMachThread.h */; };
		4B1A94170F49BE3100D3626B /* JackMachTime.c in Sources */ = {isa = PBXBuildFile; fileRef = 4B1A93870F49B0E300D3626B /* JackMachTime.c */; };
		4B1A94180F49BE3100D3626B /* JackNetAPI.cpp in Sources */ = {isa = PBXBuildFile; fileRef = 4B1A930D0F49AB2A00D3626B /* JackNetAPI.cpp */; };
		4B1A94190F49BE3300D3626B /* JackNetInterface.cpp in Sources */ = {isa = PBXBuildFile; fileRef = 4B1A930F0F49AB2F00D3626B /* JackNetInterface.cpp */; };
		4B1A941A0F49BE3300D3626B /* JackNetTool.cpp in Sources */ = {isa = PBXBuildFile; fileRef = 4B1A93110F49AB3400D3626B /* JackNetTool.cpp */; };
		4B1A941B0F49BE3400D3626B /* JackNetUnixSocket.cpp in Sources */ = {isa = PBXBuildFile; fileRef = 4B1A93510F49ACF300D3626B /* JackNetUnixSocket.cpp */; };
		4B1A941C0F49BE3500D3626B /* JackNetUnixSocket.h in Headers */ = {isa = PBXBuildFile; fileRef = 4B1A93520F49ACF300D3626B /* JackNetUnixSocket.h */; };
		4B1A941D0F49BE3500D3626B /* JackPosixThread.cpp in Sources */ = {isa = PBXBuildFile; fileRef = 4B1A933B0F49AC4500D3626B /* JackPosixThread.cpp */; };
		4B1A941E0F49BE3600D3626B /* JackPosixThread.h in Headers */ = {isa = PBXBuildFile; fileRef = 4B1A933C0F49AC4500D3626B /* JackPosixThread.h */; };
		4B1A94540F49C03300D3626B /* JackMachThread.cpp in Sources */ = {isa = PBXBuildFile; fileRef = 4B1A93550F49ACFC00D3626B /* JackMachThread.cpp */; };
		4B1A94550F49C03300D3626B /* JackMachTime.c in Sources */ = {isa = PBXBuildFile; fileRef = 4B1A93870F49B0E300D3626B /* JackMachTime.c */; };
		4B1A94560F49C03400D3626B /* JackNetAPI.cpp in Sources */ = {isa = PBXBuildFile; fileRef = 4B1A930D0F49AB2A00D3626B /* JackNetAPI.cpp */; };
		4B1A94570F49C03500D3626B /* JackNetInterface.cpp in Sources */ = {isa = PBXBuildFile; fileRef = 4B1A930F0F49AB2F00D3626B /* JackNetInterface.cpp */; };
		4B1A94580F49C03600D3626B /* JackNetTool.cpp in Sources */ = {isa = PBXBuildFile; fileRef = 4B1A93110F49AB3400D3626B /* JackNetTool.cpp */; };
		4B1A94590F49C03600D3626B /* JackNetUnixSocket.cpp in Sources */ = {isa = PBXBuildFile; fileRef = 4B1A93510F49ACF300D3626B /* JackNetUnixSocket.cpp */; };
		4B1A945A0F49C03600D3626B /* JackPosixThread.cpp in Sources */ = {isa = PBXBuildFile; fileRef = 4B1A933B0F49AC4500D3626B /* JackPosixThread.cpp */; };
		4B1A95760F49CEAB00D3626B /* AudioToolbox.framework in Frameworks */ = {isa = PBXBuildFile; fileRef = 4B1A95750F49CEAB00D3626B /* AudioToolbox.framework */; };
		4B2791880F72570C000536B7 /* JackGlobals.cpp in Sources */ = {isa = PBXBuildFile; fileRef = 4B2791870F72570C000536B7 /* JackGlobals.cpp */; };
		4B2791890F72570C000536B7 /* JackGlobals.cpp in Sources */ = {isa = PBXBuildFile; fileRef = 4B2791870F72570C000536B7 /* JackGlobals.cpp */; };
		4B27918A0F72570C000536B7 /* JackGlobals.cpp in Sources */ = {isa = PBXBuildFile; fileRef = 4B2791870F72570C000536B7 /* JackGlobals.cpp */; };
		4B27918B0F72570C000536B7 /* JackGlobals.cpp in Sources */ = {isa = PBXBuildFile; fileRef = 4B2791870F72570C000536B7 /* JackGlobals.cpp */; };
		4B41469810BD3C4300C12F0C /* MainWindow.xib in Resources */ = {isa = PBXBuildFile; fileRef = 28AD733E0D9D9553002E5188 /* MainWindow.xib */; };
		4B41469A10BD3C4300C12F0C /* JackMachThread.cpp in Sources */ = {isa = PBXBuildFile; fileRef = 4B1A93550F49ACFC00D3626B /* JackMachThread.cpp */; };
		4B41469B10BD3C4300C12F0C /* JackMachTime.c in Sources */ = {isa = PBXBuildFile; fileRef = 4B1A93870F49B0E300D3626B /* JackMachTime.c */; };
		4B41469C10BD3C4300C12F0C /* JackNetAPI.cpp in Sources */ = {isa = PBXBuildFile; fileRef = 4B1A930D0F49AB2A00D3626B /* JackNetAPI.cpp */; };
		4B41469D10BD3C4300C12F0C /* JackNetInterface.cpp in Sources */ = {isa = PBXBuildFile; fileRef = 4B1A930F0F49AB2F00D3626B /* JackNetInterface.cpp */; };
		4B41469E10BD3C4300C12F0C /* JackNetTool.cpp in Sources */ = {isa = PBXBuildFile; fileRef = 4B1A93110F49AB3400D3626B /* JackNetTool.cpp */; };
		4B41469F10BD3C4300C12F0C /* JackNetUnixSocket.cpp in Sources */ = {isa = PBXBuildFile; fileRef = 4B1A93510F49ACF300D3626B /* JackNetUnixSocket.cpp */; };
		4B4146A010BD3C4300C12F0C /* JackPosixThread.cpp in Sources */ = {isa = PBXBuildFile; fileRef = 4B1A933B0F49AC4500D3626B /* JackPosixThread.cpp */; };
		4B4146A210BD3C4300C12F0C /* JackAudioAdapterInterface.cpp in Sources */ = {isa = PBXBuildFile; fileRef = 4BF1360E0F4B0B4C00218A3F /* JackAudioAdapterInterface.cpp */; };
		4B4146A310BD3C4300C12F0C /* JackResampler.cpp in Sources */ = {isa = PBXBuildFile; fileRef = 4BF1364B0F4B0F7700218A3F /* JackResampler.cpp */; };
		4B4146A410BD3C4300C12F0C /* ringbuffer.c in Sources */ = {isa = PBXBuildFile; fileRef = 4BF136540F4B0F9F00218A3F /* ringbuffer.c */; };
		4B4146A510BD3C4300C12F0C /* iPhoneNetAppDelegate.m in Sources */ = {isa = PBXBuildFile; fileRef = 4B0773850F541EE2000DC657 /* iPhoneNetAppDelegate.m */; };
		4B4146A610BD3C4300C12F0C /* freeverb.mm in Sources */ = {isa = PBXBuildFile; fileRef = 4BBDC8F90F5420C000465F9C /* freeverb.mm */; };
		4B4146A710BD3C4300C12F0C /* JackGlobals.cpp in Sources */ = {isa = PBXBuildFile; fileRef = 4B2791870F72570C000536B7 /* JackGlobals.cpp */; };
		4B4146A910BD3C4300C12F0C /* Foundation.framework in Frameworks */ = {isa = PBXBuildFile; fileRef = 1D30AB110D05D00D00671497 /* Foundation.framework */; };
		4B4146AA10BD3C4300C12F0C /* UIKit.framework in Frameworks */ = {isa = PBXBuildFile; fileRef = 1DF5F4DF0D08C38300B7A737 /* UIKit.framework */; };
		4B4146AB10BD3C4300C12F0C /* CoreGraphics.framework in Frameworks */ = {isa = PBXBuildFile; fileRef = 288765FC0DF74451002DB57D /* CoreGraphics.framework */; };
		4B4146AC10BD3C4300C12F0C /* AudioToolbox.framework in Frameworks */ = {isa = PBXBuildFile; fileRef = 4B1A95750F49CEAB00D3626B /* AudioToolbox.framework */; };
		4B6B712C114BAE9A00ED9788 /* CAHostTimeBase.cpp in Sources */ = {isa = PBXBuildFile; fileRef = 4BF15E2411356A3E00B36B9A /* CAHostTimeBase.cpp */; };
		4B9CB1371136CA99007DE01A /* icon.png in Resources */ = {isa = PBXBuildFile; fileRef = 4B9CB1361136CA99007DE01A /* icon.png */; };
		4B9CB1381136CA99007DE01A /* icon.png in Resources */ = {isa = PBXBuildFile; fileRef = 4B9CB1361136CA99007DE01A /* icon.png */; };
		4B9CB1391136CA99007DE01A /* icon.png in Resources */ = {isa = PBXBuildFile; fileRef = 4B9CB1361136CA99007DE01A /* icon.png */; };
		4B9CB13A1136CA99007DE01A /* icon.png in Resources */ = {isa = PBXBuildFile; fileRef = 4B9CB1361136CA99007DE01A /* icon.png */; };
		4B9CB13B1136CA99007DE01A /* icon.png in Resources */ = {isa = PBXBuildFile; fileRef = 4B9CB1361136CA99007DE01A /* icon.png */; };
		4B9CB13C1136CA99007DE01A /* icon.png in Resources */ = {isa = PBXBuildFile; fileRef = 4B9CB1361136CA99007DE01A /* icon.png */; };
		4BBDC8FA0F5420C000465F9C /* freeverb.mm in Sources */ = {isa = PBXBuildFile; fileRef = 4BBDC8F90F5420C000465F9C /* freeverb.mm */; };
		4BC9C1F71135AB2800D22670 /* main_master.mm in Sources */ = {isa = PBXBuildFile; fileRef = 4B0772500F54022D000DC657 /* main_master.mm */; };
		4BCB37B6112D647C008C7BC1 /* MainWindow.xib in Resources */ = {isa = PBXBuildFile; fileRef = 28AD733E0D9D9553002E5188 /* MainWindow.xib */; };
		4BCB37C7112D647C008C7BC1 /* Foundation.framework in Frameworks */ = {isa = PBXBuildFile; fileRef = 1D30AB110D05D00D00671497 /* Foundation.framework */; };
		4BCB37C8112D647C008C7BC1 /* UIKit.framework in Frameworks */ = {isa = PBXBuildFile; fileRef = 1DF5F4DF0D08C38300B7A737 /* UIKit.framework */; };
		4BCB37C9112D647C008C7BC1 /* CoreGraphics.framework in Frameworks */ = {isa = PBXBuildFile; fileRef = 288765FC0DF74451002DB57D /* CoreGraphics.framework */; };
		4BCB37CA112D647C008C7BC1 /* AudioToolbox.framework in Frameworks */ = {isa = PBXBuildFile; fileRef = 4B1A95750F49CEAB00D3626B /* AudioToolbox.framework */; };
		4BCB37D9112D64D8008C7BC1 /* iphone-faust.mm in Sources */ = {isa = PBXBuildFile; fileRef = 4BCB37D8112D64D8008C7BC1 /* iphone-faust.mm */; };
		4BCF75DA10BC2FD90082C526 /* MainWindow.xib in Resources */ = {isa = PBXBuildFile; fileRef = 28AD733E0D9D9553002E5188 /* MainWindow.xib */; };
		4BCF75DC10BC2FD90082C526 /* JackMachThread.cpp in Sources */ = {isa = PBXBuildFile; fileRef = 4B1A93550F49ACFC00D3626B /* JackMachThread.cpp */; };
		4BCF75DD10BC2FD90082C526 /* JackMachTime.c in Sources */ = {isa = PBXBuildFile; fileRef = 4B1A93870F49B0E300D3626B /* JackMachTime.c */; };
		4BCF75DE10BC2FD90082C526 /* JackNetAPI.cpp in Sources */ = {isa = PBXBuildFile; fileRef = 4B1A930D0F49AB2A00D3626B /* JackNetAPI.cpp */; };
		4BCF75DF10BC2FD90082C526 /* JackNetInterface.cpp in Sources */ = {isa = PBXBuildFile; fileRef = 4B1A930F0F49AB2F00D3626B /* JackNetInterface.cpp */; };
		4BCF75E010BC2FD90082C526 /* JackNetTool.cpp in Sources */ = {isa = PBXBuildFile; fileRef = 4B1A93110F49AB3400D3626B /* JackNetTool.cpp */; };
		4BCF75E110BC2FD90082C526 /* JackNetUnixSocket.cpp in Sources */ = {isa = PBXBuildFile; fileRef = 4B1A93510F49ACF300D3626B /* JackNetUnixSocket.cpp */; };
		4BCF75E210BC2FD90082C526 /* JackPosixThread.cpp in Sources */ = {isa = PBXBuildFile; fileRef = 4B1A933B0F49AC4500D3626B /* JackPosixThread.cpp */; };
		4BCF75E410BC2FD90082C526 /* JackAudioAdapterInterface.cpp in Sources */ = {isa = PBXBuildFile; fileRef = 4BF1360E0F4B0B4C00218A3F /* JackAudioAdapterInterface.cpp */; };
		4BCF75E510BC2FD90082C526 /* JackResampler.cpp in Sources */ = {isa = PBXBuildFile; fileRef = 4BF1364B0F4B0F7700218A3F /* JackResampler.cpp */; };
		4BCF75E610BC2FD90082C526 /* ringbuffer.c in Sources */ = {isa = PBXBuildFile; fileRef = 4BF136540F4B0F9F00218A3F /* ringbuffer.c */; };
		4BCF75E710BC2FD90082C526 /* iPhoneNetAppDelegate.m in Sources */ = {isa = PBXBuildFile; fileRef = 4B0773850F541EE2000DC657 /* iPhoneNetAppDelegate.m */; };
		4BCF75E910BC2FD90082C526 /* JackGlobals.cpp in Sources */ = {isa = PBXBuildFile; fileRef = 4B2791870F72570C000536B7 /* JackGlobals.cpp */; };
		4BCF75EB10BC2FD90082C526 /* Foundation.framework in Frameworks */ = {isa = PBXBuildFile; fileRef = 1D30AB110D05D00D00671497 /* Foundation.framework */; };
		4BCF75EC10BC2FD90082C526 /* UIKit.framework in Frameworks */ = {isa = PBXBuildFile; fileRef = 1DF5F4DF0D08C38300B7A737 /* UIKit.framework */; };
		4BCF75ED10BC2FD90082C526 /* CoreGraphics.framework in Frameworks */ = {isa = PBXBuildFile; fileRef = 288765FC0DF74451002DB57D /* CoreGraphics.framework */; };
		4BCF75EE10BC2FD90082C526 /* AudioToolbox.framework in Frameworks */ = {isa = PBXBuildFile; fileRef = 4B1A95750F49CEAB00D3626B /* AudioToolbox.framework */; };
		4BCF75F710BC30140082C526 /* audio_thru.mm in Sources */ = {isa = PBXBuildFile; fileRef = 4BCF75F610BC30140082C526 /* audio_thru.mm */; };
		4BDFCD3D113DB6B700D77992 /* MainWindow.xib in Resources */ = {isa = PBXBuildFile; fileRef = 28AD733E0D9D9553002E5188 /* MainWindow.xib */; };
		4BDFCD3E113DB6B700D77992 /* icon.png in Resources */ = {isa = PBXBuildFile; fileRef = 4B9CB1361136CA99007DE01A /* icon.png */; };
		4BDFCD4A113DB6B700D77992 /* main_slave.mm in Sources */ = {isa = PBXBuildFile; fileRef = 4B0772490F54021B000DC657 /* main_slave.mm */; };
		4BDFCD4B113DB6B700D77992 /* iPhoneNetAppDelegate.m in Sources */ = {isa = PBXBuildFile; fileRef = 4B0773850F541EE2000DC657 /* iPhoneNetAppDelegate.m */; };
		4BDFCD4D113DB6B700D77992 /* CAHostTimeBase.cpp in Sources */ = {isa = PBXBuildFile; fileRef = 4BF15E2411356A3E00B36B9A /* CAHostTimeBase.cpp */; };
		4BDFCD4E113DB6B700D77992 /* TiPhoneCoreAudioRenderer.cpp in Sources */ = {isa = PBXBuildFile; fileRef = 4BF15F7711357A0E00B36B9A /* TiPhoneCoreAudioRenderer.cpp */; };
		4BDFCD50113DB6B700D77992 /* Foundation.framework in Frameworks */ = {isa = PBXBuildFile; fileRef = 1D30AB110D05D00D00671497 /* Foundation.framework */; };
		4BDFCD51113DB6B700D77992 /* UIKit.framework in Frameworks */ = {isa = PBXBuildFile; fileRef = 1DF5F4DF0D08C38300B7A737 /* UIKit.framework */; };
		4BDFCD52113DB6B700D77992 /* CoreGraphics.framework in Frameworks */ = {isa = PBXBuildFile; fileRef = 288765FC0DF74451002DB57D /* CoreGraphics.framework */; };
		4BDFCD53113DB6B700D77992 /* AudioToolbox.framework in Frameworks */ = {isa = PBXBuildFile; fileRef = 4B1A95750F49CEAB00D3626B /* AudioToolbox.framework */; };
		4BF1360F0F4B0B4C00218A3F /* JackAudioAdapterInterface.cpp in Sources */ = {isa = PBXBuildFile; fileRef = 4BF1360E0F4B0B4C00218A3F /* JackAudioAdapterInterface.cpp */; };
		4BF136100F4B0B4C00218A3F /* JackAudioAdapterInterface.cpp in Sources */ = {isa = PBXBuildFile; fileRef = 4BF1360E0F4B0B4C00218A3F /* JackAudioAdapterInterface.cpp */; };
		4BF136130F4B0B5E00218A3F /* JackAudioAdapterInterface.h in Headers */ = {isa = PBXBuildFile; fileRef = 4BF136120F4B0B5E00218A3F /* JackAudioAdapterInterface.h */; };
		4BF1364D0F4B0F7700218A3F /* JackResampler.cpp in Sources */ = {isa = PBXBuildFile; fileRef = 4BF1364B0F4B0F7700218A3F /* JackResampler.cpp */; };
		4BF1364E0F4B0F7700218A3F /* JackResampler.cpp in Sources */ = {isa = PBXBuildFile; fileRef = 4BF1364B0F4B0F7700218A3F /* JackResampler.cpp */; };
		4BF1364F0F4B0F7700218A3F /* JackResampler.h in Headers */ = {isa = PBXBuildFile; fileRef = 4BF1364C0F4B0F7700218A3F /* JackResampler.h */; };
		4BF136550F4B0F9F00218A3F /* ringbuffer.c in Sources */ = {isa = PBXBuildFile; fileRef = 4BF136540F4B0F9F00218A3F /* ringbuffer.c */; };
		4BF136560F4B0F9F00218A3F /* ringbuffer.c in Sources */ = {isa = PBXBuildFile; fileRef = 4BF136540F4B0F9F00218A3F /* ringbuffer.c */; };
		4BF15E2511356A3E00B36B9A /* CAHostTimeBase.cpp in Sources */ = {isa = PBXBuildFile; fileRef = 4BF15E2411356A3E00B36B9A /* CAHostTimeBase.cpp */; };
		4BF15E2611356A3E00B36B9A /* CAHostTimeBase.cpp in Sources */ = {isa = PBXBuildFile; fileRef = 4BF15E2411356A3E00B36B9A /* CAHostTimeBase.cpp */; };
		4BF15E2711356A3E00B36B9A /* CAHostTimeBase.cpp in Sources */ = {isa = PBXBuildFile; fileRef = 4BF15E2411356A3E00B36B9A /* CAHostTimeBase.cpp */; };
		4BF15E2811356A3E00B36B9A /* CAHostTimeBase.cpp in Sources */ = {isa = PBXBuildFile; fileRef = 4BF15E2411356A3E00B36B9A /* CAHostTimeBase.cpp */; };
		4BF15E2911356A3E00B36B9A /* CAHostTimeBase.cpp in Sources */ = {isa = PBXBuildFile; fileRef = 4BF15E2411356A3E00B36B9A /* CAHostTimeBase.cpp */; };
		4BF15E2A11356A3E00B36B9A /* CAHostTimeBase.cpp in Sources */ = {isa = PBXBuildFile; fileRef = 4BF15E2411356A3E00B36B9A /* CAHostTimeBase.cpp */; };
		4BF15F7811357A0E00B36B9A /* TiPhoneCoreAudioRenderer.cpp in Sources */ = {isa = PBXBuildFile; fileRef = 4BF15F7711357A0E00B36B9A /* TiPhoneCoreAudioRenderer.cpp */; };
		4BF15F7911357A0E00B36B9A /* TiPhoneCoreAudioRenderer.cpp in Sources */ = {isa = PBXBuildFile; fileRef = 4BF15F7711357A0E00B36B9A /* TiPhoneCoreAudioRenderer.cpp */; };
		4BF15F7A11357A0E00B36B9A /* TiPhoneCoreAudioRenderer.cpp in Sources */ = {isa = PBXBuildFile; fileRef = 4BF15F7711357A0E00B36B9A /* TiPhoneCoreAudioRenderer.cpp */; };
		4BF15F7B11357A0E00B36B9A /* TiPhoneCoreAudioRenderer.cpp in Sources */ = {isa = PBXBuildFile; fileRef = 4BF15F7711357A0E00B36B9A /* TiPhoneCoreAudioRenderer.cpp */; };
		4BF15F7C11357A0E00B36B9A /* TiPhoneCoreAudioRenderer.cpp in Sources */ = {isa = PBXBuildFile; fileRef = 4BF15F7711357A0E00B36B9A /* TiPhoneCoreAudioRenderer.cpp */; };
		4BF15F7D11357A0E00B36B9A /* TiPhoneCoreAudioRenderer.cpp in Sources */ = {isa = PBXBuildFile; fileRef = 4BF15F7711357A0E00B36B9A /* TiPhoneCoreAudioRenderer.cpp */; };
		4BFF45600F4D5D9700106083 /* MainWindow.xib in Resources */ = {isa = PBXBuildFile; fileRef = 28AD733E0D9D9553002E5188 /* MainWindow.xib */; };
		4BFF45630F4D5D9700106083 /* JackMachThread.cpp in Sources */ = {isa = PBXBuildFile; fileRef = 4B1A93550F49ACFC00D3626B /* JackMachThread.cpp */; };
		4BFF45640F4D5D9700106083 /* JackMachTime.c in Sources */ = {isa = PBXBuildFile; fileRef = 4B1A93870F49B0E300D3626B /* JackMachTime.c */; };
		4BFF45650F4D5D9700106083 /* JackNetAPI.cpp in Sources */ = {isa = PBXBuildFile; fileRef = 4B1A930D0F49AB2A00D3626B /* JackNetAPI.cpp */; };
		4BFF45660F4D5D9700106083 /* JackNetInterface.cpp in Sources */ = {isa = PBXBuildFile; fileRef = 4B1A930F0F49AB2F00D3626B /* JackNetInterface.cpp */; };
		4BFF45670F4D5D9700106083 /* JackNetTool.cpp in Sources */ = {isa = PBXBuildFile; fileRef = 4B1A93110F49AB3400D3626B /* JackNetTool.cpp */; };
		4BFF45680F4D5D9700106083 /* JackNetUnixSocket.cpp in Sources */ = {isa = PBXBuildFile; fileRef = 4B1A93510F49ACF300D3626B /* JackNetUnixSocket.cpp */; };
		4BFF45690F4D5D9700106083 /* JackPosixThread.cpp in Sources */ = {isa = PBXBuildFile; fileRef = 4B1A933B0F49AC4500D3626B /* JackPosixThread.cpp */; };
		4BFF456B0F4D5D9700106083 /* JackAudioAdapterInterface.cpp in Sources */ = {isa = PBXBuildFile; fileRef = 4BF1360E0F4B0B4C00218A3F /* JackAudioAdapterInterface.cpp */; };
		4BFF456C0F4D5D9700106083 /* JackResampler.cpp in Sources */ = {isa = PBXBuildFile; fileRef = 4BF1364B0F4B0F7700218A3F /* JackResampler.cpp */; };
		4BFF456D0F4D5D9700106083 /* ringbuffer.c in Sources */ = {isa = PBXBuildFile; fileRef = 4BF136540F4B0F9F00218A3F /* ringbuffer.c */; };
		4BFF45700F4D5D9700106083 /* Foundation.framework in Frameworks */ = {isa = PBXBuildFile; fileRef = 1D30AB110D05D00D00671497 /* Foundation.framework */; };
		4BFF45710F4D5D9700106083 /* UIKit.framework in Frameworks */ = {isa = PBXBuildFile; fileRef = 1DF5F4DF0D08C38300B7A737 /* UIKit.framework */; };
		4BFF45720F4D5D9700106083 /* CoreGraphics.framework in Frameworks */ = {isa = PBXBuildFile; fileRef = 288765FC0DF74451002DB57D /* CoreGraphics.framework */; };
		4BFF45730F4D5D9700106083 /* AudioToolbox.framework in Frameworks */ = {isa = PBXBuildFile; fileRef = 4B1A95750F49CEAB00D3626B /* AudioToolbox.framework */; };
/* End PBXBuildFile section */

/* Begin PBXFileReference section */
		1D30AB110D05D00D00671497 /* Foundation.framework */ = {isa = PBXFileReference; lastKnownFileType = wrapper.framework; name = Foundation.framework; path = System/Library/Frameworks/Foundation.framework; sourceTree = SDKROOT; };
		1D6058910D05DD3D006BFB54 /* NetJackSlave.app */ = {isa = PBXFileReference; explicitFileType = wrapper.application; includeInIndex = 0; path = NetJackSlave.app; sourceTree = BUILT_PRODUCTS_DIR; };
		1DF5F4DF0D08C38300B7A737 /* UIKit.framework */ = {isa = PBXFileReference; lastKnownFileType = wrapper.framework; name = UIKit.framework; path = System/Library/Frameworks/UIKit.framework; sourceTree = SDKROOT; };
		288765FC0DF74451002DB57D /* CoreGraphics.framework */ = {isa = PBXFileReference; lastKnownFileType = wrapper.framework; name = CoreGraphics.framework; path = System/Library/Frameworks/CoreGraphics.framework; sourceTree = SDKROOT; };
		28AD733E0D9D9553002E5188 /* MainWindow.xib */ = {isa = PBXFileReference; lastKnownFileType = file.xib; path = MainWindow.xib; sourceTree = "<group>"; };
		32CA4F630368D1EE00C91783 /* iPhoneNet_Prefix.pch */ = {isa = PBXFileReference; fileEncoding = 4; lastKnownFileType = sourcecode.c.h; path = iPhoneNet_Prefix.pch; sourceTree = "<group>"; };
		4B0772380F54018C000DC657 /* NetJackMaster.app */ = {isa = PBXFileReference; explicitFileType = wrapper.application; includeInIndex = 0; path = NetJackMaster.app; sourceTree = BUILT_PRODUCTS_DIR; };
		4B0772490F54021B000DC657 /* main_slave.mm */ = {isa = PBXFileReference; fileEncoding = 4; lastKnownFileType = sourcecode.cpp.objcpp; path = main_slave.mm; sourceTree = SOURCE_ROOT; };
		4B0772500F54022D000DC657 /* main_master.mm */ = {isa = PBXFileReference; fileEncoding = 4; lastKnownFileType = sourcecode.cpp.objcpp; path = main_master.mm; sourceTree = SOURCE_ROOT; };
		4B0773840F541EE2000DC657 /* iPhoneNetAppDelegate.h */ = {isa = PBXFileReference; fileEncoding = 4; lastKnownFileType = sourcecode.c.h; path = iPhoneNetAppDelegate.h; sourceTree = "<group>"; };
		4B0773850F541EE2000DC657 /* iPhoneNetAppDelegate.m */ = {isa = PBXFileReference; fileEncoding = 4; lastKnownFileType = sourcecode.c.objc; path = iPhoneNetAppDelegate.m; sourceTree = "<group>"; };
		4B1A930D0F49AB2A00D3626B /* JackNetAPI.cpp */ = {isa = PBXFileReference; fileEncoding = 4; lastKnownFileType = sourcecode.cpp.cpp; name = JackNetAPI.cpp; path = ../../common/JackNetAPI.cpp; sourceTree = SOURCE_ROOT; };
		4B1A930F0F49AB2F00D3626B /* JackNetInterface.cpp */ = {isa = PBXFileReference; fileEncoding = 4; lastKnownFileType = sourcecode.cpp.cpp; name = JackNetInterface.cpp; path = ../../common/JackNetInterface.cpp; sourceTree = SOURCE_ROOT; };
		4B1A93110F49AB3400D3626B /* JackNetTool.cpp */ = {isa = PBXFileReference; fileEncoding = 4; lastKnownFileType = sourcecode.cpp.cpp; name = JackNetTool.cpp; path = ../../common/JackNetTool.cpp; sourceTree = SOURCE_ROOT; };
		4B1A933B0F49AC4500D3626B /* JackPosixThread.cpp */ = {isa = PBXFileReference; fileEncoding = 4; lastKnownFileType = sourcecode.cpp.cpp; name = JackPosixThread.cpp; path = ../../posix/JackPosixThread.cpp; sourceTree = SOURCE_ROOT; };
		4B1A933C0F49AC4500D3626B /* JackPosixThread.h */ = {isa = PBXFileReference; fileEncoding = 4; lastKnownFileType = sourcecode.c.h; name = JackPosixThread.h; path = ../../posix/JackPosixThread.h; sourceTree = SOURCE_ROOT; };
		4B1A93510F49ACF300D3626B /* JackNetUnixSocket.cpp */ = {isa = PBXFileReference; fileEncoding = 4; lastKnownFileType = sourcecode.cpp.cpp; name = JackNetUnixSocket.cpp; path = ../../posix/JackNetUnixSocket.cpp; sourceTree = SOURCE_ROOT; };
		4B1A93520F49ACF300D3626B /* JackNetUnixSocket.h */ = {isa = PBXFileReference; fileEncoding = 4; lastKnownFileType = sourcecode.c.h; name = JackNetUnixSocket.h; path = ../../posix/JackNetUnixSocket.h; sourceTree = SOURCE_ROOT; };
		4B1A93540F49ACFC00D3626B /* JackMachThread.h */ = {isa = PBXFileReference; fileEncoding = 4; lastKnownFileType = sourcecode.c.h; name = JackMachThread.h; path = ../JackMachThread.h; sourceTree = SOURCE_ROOT; };
		4B1A93550F49ACFC00D3626B /* JackMachThread.cpp */ = {isa = PBXFileReference; fileEncoding = 4; lastKnownFileType = sourcecode.cpp.cpp; name = JackMachThread.cpp; path = ../JackMachThread.cpp; sourceTree = SOURCE_ROOT; };
		4B1A93870F49B0E300D3626B /* JackMachTime.c */ = {isa = PBXFileReference; fileEncoding = 4; lastKnownFileType = sourcecode.c.c; name = JackMachTime.c; path = ../JackMachTime.c; sourceTree = SOURCE_ROOT; };
		4B1A95750F49CEAB00D3626B /* AudioToolbox.framework */ = {isa = PBXFileReference; lastKnownFileType = wrapper.framework; name = AudioToolbox.framework; path = /Developer/Platforms/iPhoneOS.platform/Developer/SDKs/iPhoneOS2.2.1.sdk/System/Library/Frameworks/AudioToolbox.framework; sourceTree = "<absolute>"; };
		4B2791870F72570C000536B7 /* JackGlobals.cpp */ = {isa = PBXFileReference; fileEncoding = 4; lastKnownFileType = sourcecode.cpp.cpp; name = JackGlobals.cpp; path = ../../common/JackGlobals.cpp; sourceTree = SOURCE_ROOT; };
		4B4146B010BD3C4300C12F0C /* iPhoneFaustNet.app */ = {isa = PBXFileReference; explicitFileType = wrapper.application; includeInIndex = 0; path = iPhoneFaustNet.app; sourceTree = BUILT_PRODUCTS_DIR; };
		4B9CB1361136CA99007DE01A /* icon.png */ = {isa = PBXFileReference; lastKnownFileType = image.png; path = icon.png; sourceTree = SOURCE_ROOT; };
		4BBDC8F90F5420C000465F9C /* freeverb.mm */ = {isa = PBXFileReference; fileEncoding = 4; lastKnownFileType = sourcecode.cpp.objcpp; path = freeverb.mm; sourceTree = SOURCE_ROOT; };
		4BC9C1D31135AA1800D22670 /* iPhoneNetMasterAppl-Info.plist */ = {isa = PBXFileReference; lastKnownFileType = text.plist.xml; path = "iPhoneNetMasterAppl-Info.plist"; sourceTree = "<group>"; };
		4BCB37CE112D647C008C7BC1 /* iPhoneFaust.app */ = {isa = PBXFileReference; explicitFileType = wrapper.application; includeInIndex = 0; path = iPhoneFaust.app; sourceTree = BUILT_PRODUCTS_DIR; };
		4BCB37D8112D64D8008C7BC1 /* iphone-faust.mm */ = {isa = PBXFileReference; fileEncoding = 4; lastKnownFileType = sourcecode.cpp.objcpp; path = "iphone-faust.mm"; sourceTree = SOURCE_ROOT; };
		4BCF75F210BC2FD90082C526 /* iPhoneThruNet.app */ = {isa = PBXFileReference; explicitFileType = wrapper.application; includeInIndex = 0; path = iPhoneThruNet.app; sourceTree = BUILT_PRODUCTS_DIR; };
		4BCF75F610BC30140082C526 /* audio_thru.mm */ = {isa = PBXFileReference; fileEncoding = 4; lastKnownFileType = sourcecode.cpp.objcpp; path = audio_thru.mm; sourceTree = SOURCE_ROOT; };
		4BDFCD57113DB6B700D77992 /* NetJackSlave.app */ = {isa = PBXFileReference; explicitFileType = wrapper.application; includeInIndex = 0; path = NetJackSlave.app; sourceTree = BUILT_PRODUCTS_DIR; };
		4BF1360E0F4B0B4C00218A3F /* JackAudioAdapterInterface.cpp */ = {isa = PBXFileReference; fileEncoding = 4; lastKnownFileType = sourcecode.cpp.cpp; name = JackAudioAdapterInterface.cpp; path = ../../common/JackAudioAdapterInterface.cpp; sourceTree = SOURCE_ROOT; };
		4BF136120F4B0B5E00218A3F /* JackAudioAdapterInterface.h */ = {isa = PBXFileReference; fileEncoding = 4; lastKnownFileType = sourcecode.c.h; name = JackAudioAdapterInterface.h; path = ../../common/JackAudioAdapterInterface.h; sourceTree = SOURCE_ROOT; };
		4BF1364B0F4B0F7700218A3F /* JackResampler.cpp */ = {isa = PBXFileReference; fileEncoding = 4; lastKnownFileType = sourcecode.cpp.cpp; name = JackResampler.cpp; path = ../../common/JackResampler.cpp; sourceTree = SOURCE_ROOT; };
		4BF1364C0F4B0F7700218A3F /* JackResampler.h */ = {isa = PBXFileReference; fileEncoding = 4; lastKnownFileType = sourcecode.c.h; name = JackResampler.h; path = ../../common/JackResampler.h; sourceTree = SOURCE_ROOT; };
		4BF136540F4B0F9F00218A3F /* ringbuffer.c */ = {isa = PBXFileReference; fileEncoding = 4; lastKnownFileType = sourcecode.c.c; name = ringbuffer.c; path = ../../common/ringbuffer.c; sourceTree = SOURCE_ROOT; };
		4BF15E2411356A3E00B36B9A /* CAHostTimeBase.cpp */ = {isa = PBXFileReference; fileEncoding = 4; lastKnownFileType = sourcecode.cpp.cpp; name = CAHostTimeBase.cpp; path = /Developer/Extras/CoreAudio/PublicUtility/CAHostTimeBase.cpp; sourceTree = "<absolute>"; };
		4BF15F7711357A0E00B36B9A /* TiPhoneCoreAudioRenderer.cpp */ = {isa = PBXFileReference; fileEncoding = 4; lastKnownFileType = sourcecode.cpp.cpp; name = TiPhoneCoreAudioRenderer.cpp; path = ../coreaudio/TiPhoneCoreAudioRenderer.cpp; sourceTree = SOURCE_ROOT; };
		4BFF45120F4D59DB00106083 /* libjacknet.a */ = {isa = PBXFileReference; explicitFileType = archive.ar; includeInIndex = 0; path = libjacknet.a; sourceTree = BUILT_PRODUCTS_DIR; };
		4BFF45770F4D5D9700106083 /* iPhoneFaustNet.app */ = {isa = PBXFileReference; explicitFileType = wrapper.application; includeInIndex = 0; path = iPhoneFaustNet.app; sourceTree = BUILT_PRODUCTS_DIR; };
		8D1107310486CEB800E47090 /* Info.plist */ = {isa = PBXFileReference; fileEncoding = 4; lastKnownFileType = text.plist.xml; path = Info.plist; sourceTree = "<group>"; };
/* End PBXFileReference section */

/* Begin PBXFrameworksBuildPhase section */
		1D60588F0D05DD3D006BFB54 /* Frameworks */ = {
			isa = PBXFrameworksBuildPhase;
			buildActionMask = 2147483647;
			files = (
				1D60589F0D05DD5A006BFB54 /* Foundation.framework in Frameworks */,
				1DF5F4E00D08C38300B7A737 /* UIKit.framework in Frameworks */,
				288765FD0DF74451002DB57D /* CoreGraphics.framework in Frameworks */,
				4B1A95760F49CEAB00D3626B /* AudioToolbox.framework in Frameworks */,
			);
			runOnlyForDeploymentPostprocessing = 0;
		};
		4B0772300F54018C000DC657 /* Frameworks */ = {
			isa = PBXFrameworksBuildPhase;
			buildActionMask = 2147483647;
			files = (
				4B0772310F54018C000DC657 /* Foundation.framework in Frameworks */,
				4B0772320F54018C000DC657 /* UIKit.framework in Frameworks */,
				4B0772330F54018C000DC657 /* CoreGraphics.framework in Frameworks */,
				4B0772340F54018C000DC657 /* AudioToolbox.framework in Frameworks */,
			);
			runOnlyForDeploymentPostprocessing = 0;
		};
		4B1A940E0F49BDE000D3626B /* Frameworks */ = {
			isa = PBXFrameworksBuildPhase;
			buildActionMask = 2147483647;
			files = (
			);
			runOnlyForDeploymentPostprocessing = 0;
		};
		4B4146A810BD3C4300C12F0C /* Frameworks */ = {
			isa = PBXFrameworksBuildPhase;
			buildActionMask = 2147483647;
			files = (
				4B4146A910BD3C4300C12F0C /* Foundation.framework in Frameworks */,
				4B4146AA10BD3C4300C12F0C /* UIKit.framework in Frameworks */,
				4B4146AB10BD3C4300C12F0C /* CoreGraphics.framework in Frameworks */,
				4B4146AC10BD3C4300C12F0C /* AudioToolbox.framework in Frameworks */,
			);
			runOnlyForDeploymentPostprocessing = 0;
		};
		4BCB37C6112D647C008C7BC1 /* Frameworks */ = {
			isa = PBXFrameworksBuildPhase;
			buildActionMask = 2147483647;
			files = (
				4BCB37C7112D647C008C7BC1 /* Foundation.framework in Frameworks */,
				4BCB37C8112D647C008C7BC1 /* UIKit.framework in Frameworks */,
				4BCB37C9112D647C008C7BC1 /* CoreGraphics.framework in Frameworks */,
				4BCB37CA112D647C008C7BC1 /* AudioToolbox.framework in Frameworks */,
			);
			runOnlyForDeploymentPostprocessing = 0;
		};
		4BCF75EA10BC2FD90082C526 /* Frameworks */ = {
			isa = PBXFrameworksBuildPhase;
			buildActionMask = 2147483647;
			files = (
				4BCF75EB10BC2FD90082C526 /* Foundation.framework in Frameworks */,
				4BCF75EC10BC2FD90082C526 /* UIKit.framework in Frameworks */,
				4BCF75ED10BC2FD90082C526 /* CoreGraphics.framework in Frameworks */,
				4BCF75EE10BC2FD90082C526 /* AudioToolbox.framework in Frameworks */,
			);
			runOnlyForDeploymentPostprocessing = 0;
		};
		4BDFCD4F113DB6B700D77992 /* Frameworks */ = {
			isa = PBXFrameworksBuildPhase;
			buildActionMask = 2147483647;
			files = (
				4BDFCD50113DB6B700D77992 /* Foundation.framework in Frameworks */,
				4BDFCD51113DB6B700D77992 /* UIKit.framework in Frameworks */,
				4BDFCD52113DB6B700D77992 /* CoreGraphics.framework in Frameworks */,
				4BDFCD53113DB6B700D77992 /* AudioToolbox.framework in Frameworks */,
			);
			runOnlyForDeploymentPostprocessing = 0;
		};
		4BFF456F0F4D5D9700106083 /* Frameworks */ = {
			isa = PBXFrameworksBuildPhase;
			buildActionMask = 2147483647;
			files = (
				4BFF45700F4D5D9700106083 /* Foundation.framework in Frameworks */,
				4BFF45710F4D5D9700106083 /* UIKit.framework in Frameworks */,
				4BFF45720F4D5D9700106083 /* CoreGraphics.framework in Frameworks */,
				4BFF45730F4D5D9700106083 /* AudioToolbox.framework in Frameworks */,
			);
			runOnlyForDeploymentPostprocessing = 0;
		};
/* End PBXFrameworksBuildPhase section */

/* Begin PBXGroup section */
		19C28FACFE9D520D11CA2CBB /* Products */ = {
			isa = PBXGroup;
			children = (
				1D6058910D05DD3D006BFB54 /* NetJackSlave.app */,
				4BFF45120F4D59DB00106083 /* libjacknet.a */,
				4BFF45770F4D5D9700106083 /* iPhoneFaustNet.app */,
				4B0772380F54018C000DC657 /* NetJackMaster.app */,
				4BCF75F210BC2FD90082C526 /* iPhoneThruNet.app */,
				4B4146B010BD3C4300C12F0C /* iPhoneFaustNet.app */,
				4BCB37CE112D647C008C7BC1 /* iPhoneFaust.app */,
				4BDFCD57113DB6B700D77992 /* NetJackSlave.app */,
			);
			name = Products;
			sourceTree = "<group>";
		};
		29B97314FDCFA39411CA2CEA /* CustomTemplate */ = {
			isa = PBXGroup;
			children = (
				4BCB37D8112D64D8008C7BC1 /* iphone-faust.mm */,
				4BF15E2411356A3E00B36B9A /* CAHostTimeBase.cpp */,
				4BF15F7711357A0E00B36B9A /* TiPhoneCoreAudioRenderer.cpp */,
				29B97315FDCFA39411CA2CEA /* Other Sources */,
				29B97323FDCFA39411CA2CEA /* Frameworks */,
				19C28FACFE9D520D11CA2CBB /* Products */,
			);
			name = CustomTemplate;
			sourceTree = "<group>";
		};
		29B97315FDCFA39411CA2CEA /* Other Sources */ = {
			isa = PBXGroup;
			children = (
				29B97317FDCFA39411CA2CEA /* Resources */,
				4BCF75F610BC30140082C526 /* audio_thru.mm */,
				4BBDC8F90F5420C000465F9C /* freeverb.mm */,
				4B0773840F541EE2000DC657 /* iPhoneNetAppDelegate.h */,
				4B0773850F541EE2000DC657 /* iPhoneNetAppDelegate.m */,
				4BF136540F4B0F9F00218A3F /* ringbuffer.c */,
				4BF1364B0F4B0F7700218A3F /* JackResampler.cpp */,
				4BF1364C0F4B0F7700218A3F /* JackResampler.h */,
				4BF1360E0F4B0B4C00218A3F /* JackAudioAdapterInterface.cpp */,
				4BF136120F4B0B5E00218A3F /* JackAudioAdapterInterface.h */,
				4B1A93870F49B0E300D3626B /* JackMachTime.c */,
				4B1A93540F49ACFC00D3626B /* JackMachThread.h */,
				4B1A93550F49ACFC00D3626B /* JackMachThread.cpp */,
				4B1A93510F49ACF300D3626B /* JackNetUnixSocket.cpp */,
				4B1A93520F49ACF300D3626B /* JackNetUnixSocket.h */,
				4B1A933B0F49AC4500D3626B /* JackPosixThread.cpp */,
				4B1A933C0F49AC4500D3626B /* JackPosixThread.h */,
				4B1A93110F49AB3400D3626B /* JackNetTool.cpp */,
				4B1A930F0F49AB2F00D3626B /* JackNetInterface.cpp */,
				4B1A930D0F49AB2A00D3626B /* JackNetAPI.cpp */,
				4B2791870F72570C000536B7 /* JackGlobals.cpp */,
				32CA4F630368D1EE00C91783 /* iPhoneNet_Prefix.pch */,
				4B0772490F54021B000DC657 /* main_slave.mm */,
				4B0772500F54022D000DC657 /* main_master.mm */,
			);
			name = "Other Sources";
			sourceTree = "<group>";
		};
		29B97317FDCFA39411CA2CEA /* Resources */ = {
			isa = PBXGroup;
			children = (
				4B9CB1361136CA99007DE01A /* icon.png */,
				28AD733E0D9D9553002E5188 /* MainWindow.xib */,
				8D1107310486CEB800E47090 /* Info.plist */,
				4BC9C1D31135AA1800D22670 /* iPhoneNetMasterAppl-Info.plist */,
			);
			name = Resources;
			sourceTree = "<group>";
		};
		29B97323FDCFA39411CA2CEA /* Frameworks */ = {
			isa = PBXGroup;
			children = (
				4B1A95750F49CEAB00D3626B /* AudioToolbox.framework */,
				1DF5F4DF0D08C38300B7A737 /* UIKit.framework */,
				1D30AB110D05D00D00671497 /* Foundation.framework */,
				288765FC0DF74451002DB57D /* CoreGraphics.framework */,
			);
			name = Frameworks;
			sourceTree = "<group>";
		};
/* End PBXGroup section */

/* Begin PBXHeadersBuildPhase section */
		4B1A940C0F49BDE000D3626B /* Headers */ = {
			isa = PBXHeadersBuildPhase;
			buildActionMask = 2147483647;
			files = (
				4B1A94140F49BE2C00D3626B /* iPhoneNet_Prefix.pch in Headers */,
				4B1A94160F49BE3000D3626B /* JackMachThread.h in Headers */,
				4B1A941C0F49BE3500D3626B /* JackNetUnixSocket.h in Headers */,
				4B1A941E0F49BE3600D3626B /* JackPosixThread.h in Headers */,
				4BF136130F4B0B5E00218A3F /* JackAudioAdapterInterface.h in Headers */,
				4BF1364F0F4B0F7700218A3F /* JackResampler.h in Headers */,
			);
			runOnlyForDeploymentPostprocessing = 0;
		};
/* End PBXHeadersBuildPhase section */

/* Begin PBXNativeTarget section */
		1D6058900D05DD3D006BFB54 /* iPhoneNetSlave */ = {
			isa = PBXNativeTarget;
			buildConfigurationList = 1D6058960D05DD3E006BFB54 /* Build configuration list for PBXNativeTarget "iPhoneNetSlave" */;
			buildPhases = (
				1D60588D0D05DD3D006BFB54 /* Resources */,
				1D60588E0D05DD3D006BFB54 /* Sources */,
				1D60588F0D05DD3D006BFB54 /* Frameworks */,
			);
			buildRules = (
			);
			dependencies = (
			);
			name = iPhoneNetSlave;
			productName = iPhoneNet;
			productReference = 1D6058910D05DD3D006BFB54 /* NetJackSlave.app */;
			productType = "com.apple.product-type.application";
		};
		4B07721F0F54018C000DC657 /* iPhoneNetMaster */ = {
			isa = PBXNativeTarget;
			buildConfigurationList = 4B0772350F54018C000DC657 /* Build configuration list for PBXNativeTarget "iPhoneNetMaster" */;
			buildPhases = (
				4B0772200F54018C000DC657 /* Resources */,
				4B0772220F54018C000DC657 /* Sources */,
				4B0772300F54018C000DC657 /* Frameworks */,
			);
			buildRules = (
			);
			dependencies = (
			);
			name = iPhoneNetMaster;
			productName = iPhoneNet;
			productReference = 4B0772380F54018C000DC657 /* NetJackMaster.app */;
			productType = "com.apple.product-type.application";
		};
		4B1A940F0F49BDE000D3626B /* libjacknet */ = {
			isa = PBXNativeTarget;
			buildConfigurationList = 4B1A94130F49BDFF00D3626B /* Build configuration list for PBXNativeTarget "libjacknet" */;
			buildPhases = (
				4B1A940C0F49BDE000D3626B /* Headers */,
				4B1A940D0F49BDE000D3626B /* Sources */,
				4B1A940E0F49BDE000D3626B /* Frameworks */,
			);
			buildRules = (
			);
			dependencies = (
			);
			name = libjacknet;
			productName = jacknet;
			productReference = 4BFF45120F4D59DB00106083 /* libjacknet.a */;
			productType = "com.apple.product-type.library.static";
		};
		4B41469610BD3C4300C12F0C /* iPhoneFaustNet Distribution */ = {
			isa = PBXNativeTarget;
			buildConfigurationList = 4B4146AD10BD3C4300C12F0C /* Build configuration list for PBXNativeTarget "iPhoneFaustNet Distribution" */;
			buildPhases = (
				4B41469710BD3C4300C12F0C /* Resources */,
				4B41469910BD3C4300C12F0C /* Sources */,
				4B4146A810BD3C4300C12F0C /* Frameworks */,
			);
			buildRules = (
			);
			dependencies = (
			);
			name = "iPhoneFaustNet Distribution";
			productName = iPhoneNet;
			productReference = 4B4146B010BD3C4300C12F0C /* iPhoneFaustNet.app */;
			productType = "com.apple.product-type.application";
		};
		4BCB37B4112D647C008C7BC1 /* iPhoneFaust */ = {
			isa = PBXNativeTarget;
			buildConfigurationList = 4BCB37CB112D647C008C7BC1 /* Build configuration list for PBXNativeTarget "iPhoneFaust" */;
			buildPhases = (
				4BCB37B5112D647C008C7BC1 /* Resources */,
				4BCB37B7112D647C008C7BC1 /* Sources */,
				4BCB37C6112D647C008C7BC1 /* Frameworks */,
			);
			buildRules = (
			);
			dependencies = (
			);
			name = iPhoneFaust;
			productName = iPhoneNet;
			productReference = 4BCB37CE112D647C008C7BC1 /* iPhoneFaust.app */;
			productType = "com.apple.product-type.application";
		};
		4BCF75D810BC2FD90082C526 /* iPhoneThruNet */ = {
			isa = PBXNativeTarget;
			buildConfigurationList = 4BCF75EF10BC2FD90082C526 /* Build configuration list for PBXNativeTarget "iPhoneThruNet" */;
			buildPhases = (
				4BCF75D910BC2FD90082C526 /* Resources */,
				4BCF75DB10BC2FD90082C526 /* Sources */,
				4BCF75EA10BC2FD90082C526 /* Frameworks */,
			);
			buildRules = (
			);
			dependencies = (
			);
			name = iPhoneThruNet;
			productName = iPhoneNet;
			productReference = 4BCF75F210BC2FD90082C526 /* iPhoneThruNet.app */;
			productType = "com.apple.product-type.application";
		};
		4BDFCD3B113DB6B700D77992 /* iPhoneNetSlaveLib */ = {
			isa = PBXNativeTarget;
			buildConfigurationList = 4BDFCD54113DB6B700D77992 /* Build configuration list for PBXNativeTarget "iPhoneNetSlaveLib" */;
			buildPhases = (
				4BDFCD3C113DB6B700D77992 /* Resources */,
				4BDFCD3F113DB6B700D77992 /* Sources */,
				4BDFCD4F113DB6B700D77992 /* Frameworks */,
			);
			buildRules = (
			);
			dependencies = (
			);
			name = iPhoneNetSlaveLib;
			productName = iPhoneNet;
			productReference = 4BDFCD57113DB6B700D77992 /* NetJackSlave.app */;
			productType = "com.apple.product-type.application";
		};
		4BFF455E0F4D5D9700106083 /* iPhoneFaustNet */ = {
			isa = PBXNativeTarget;
			buildConfigurationList = 4BFF45740F4D5D9700106083 /* Build configuration list for PBXNativeTarget "iPhoneFaustNet" */;
			buildPhases = (
				4BFF455F0F4D5D9700106083 /* Resources */,
				4BFF45610F4D5D9700106083 /* Sources */,
				4BFF456F0F4D5D9700106083 /* Frameworks */,
			);
			buildRules = (
			);
			dependencies = (
			);
			name = iPhoneFaustNet;
			productName = iPhoneNet;
			productReference = 4BFF45770F4D5D9700106083 /* iPhoneFaustNet.app */;
			productType = "com.apple.product-type.application";
		};
/* End PBXNativeTarget section */

/* Begin PBXProject section */
		29B97313FDCFA39411CA2CEA /* Project object */ = {
			isa = PBXProject;
			buildConfigurationList = C01FCF4E08A954540054247B /* Build configuration list for PBXProject "iPhoneNet" */;
			compatibilityVersion = "Xcode 3.1";
			developmentRegion = English;
			hasScannedForEncodings = 1;
			knownRegions = (
				English,
				Japanese,
				French,
				German,
			);
			mainGroup = 29B97314FDCFA39411CA2CEA /* CustomTemplate */;
			projectDirPath = "";
			projectRoot = "";
			targets = (
				4B07721F0F54018C000DC657 /* iPhoneNetMaster */,
				1D6058900D05DD3D006BFB54 /* iPhoneNetSlave */,
				4BDFCD3B113DB6B700D77992 /* iPhoneNetSlaveLib */,
				4BFF455E0F4D5D9700106083 /* iPhoneFaustNet */,
				4BCF75D810BC2FD90082C526 /* iPhoneThruNet */,
				4B41469610BD3C4300C12F0C /* iPhoneFaustNet Distribution */,
				4BCB37B4112D647C008C7BC1 /* iPhoneFaust */,
				4B1A940F0F49BDE000D3626B /* libjacknet */,
			);
		};
/* End PBXProject section */

/* Begin PBXResourcesBuildPhase section */
		1D60588D0D05DD3D006BFB54 /* Resources */ = {
			isa = PBXResourcesBuildPhase;
			buildActionMask = 2147483647;
			files = (
				28AD733F0D9D9553002E5188 /* MainWindow.xib in Resources */,
				4B9CB1381136CA99007DE01A /* icon.png in Resources */,
			);
			runOnlyForDeploymentPostprocessing = 0;
		};
		4B0772200F54018C000DC657 /* Resources */ = {
			isa = PBXResourcesBuildPhase;
			buildActionMask = 2147483647;
			files = (
				4B0772210F54018C000DC657 /* MainWindow.xib in Resources */,
				4B9CB1371136CA99007DE01A /* icon.png in Resources */,
			);
			runOnlyForDeploymentPostprocessing = 0;
		};
		4B41469710BD3C4300C12F0C /* Resources */ = {
			isa = PBXResourcesBuildPhase;
			buildActionMask = 2147483647;
			files = (
				4B41469810BD3C4300C12F0C /* MainWindow.xib in Resources */,
				4B9CB13B1136CA99007DE01A /* icon.png in Resources */,
			);
			runOnlyForDeploymentPostprocessing = 0;
		};
		4BCB37B5112D647C008C7BC1 /* Resources */ = {
			isa = PBXResourcesBuildPhase;
			buildActionMask = 2147483647;
			files = (
				4BCB37B6112D647C008C7BC1 /* MainWindow.xib in Resources */,
				4B9CB13C1136CA99007DE01A /* icon.png in Resources */,
			);
			runOnlyForDeploymentPostprocessing = 0;
		};
		4BCF75D910BC2FD90082C526 /* Resources */ = {
			isa = PBXResourcesBuildPhase;
			buildActionMask = 2147483647;
			files = (
				4BCF75DA10BC2FD90082C526 /* MainWindow.xib in Resources */,
				4B9CB13A1136CA99007DE01A /* icon.png in Resources */,
			);
			runOnlyForDeploymentPostprocessing = 0;
		};
		4BDFCD3C113DB6B700D77992 /* Resources */ = {
			isa = PBXResourcesBuildPhase;
			buildActionMask = 2147483647;
			files = (
				4BDFCD3D113DB6B700D77992 /* MainWindow.xib in Resources */,
				4BDFCD3E113DB6B700D77992 /* icon.png in Resources */,
			);
			runOnlyForDeploymentPostprocessing = 0;
		};
		4BFF455F0F4D5D9700106083 /* Resources */ = {
			isa = PBXResourcesBuildPhase;
			buildActionMask = 2147483647;
			files = (
				4BFF45600F4D5D9700106083 /* MainWindow.xib in Resources */,
				4B9CB1391136CA99007DE01A /* icon.png in Resources */,
			);
			runOnlyForDeploymentPostprocessing = 0;
		};
/* End PBXResourcesBuildPhase section */

/* Begin PBXSourcesBuildPhase section */
		1D60588E0D05DD3D006BFB54 /* Sources */ = {
			isa = PBXSourcesBuildPhase;
			buildActionMask = 2147483647;
			files = (
				4B1A94540F49C03300D3626B /* JackMachThread.cpp in Sources */,
				4B1A94550F49C03300D3626B /* JackMachTime.c in Sources */,
				4B1A94560F49C03400D3626B /* JackNetAPI.cpp in Sources */,
				4B1A94570F49C03500D3626B /* JackNetInterface.cpp in Sources */,
				4B1A94580F49C03600D3626B /* JackNetTool.cpp in Sources */,
				4B1A94590F49C03600D3626B /* JackNetUnixSocket.cpp in Sources */,
				4B1A945A0F49C03600D3626B /* JackPosixThread.cpp in Sources */,
				4BF1360F0F4B0B4C00218A3F /* JackAudioAdapterInterface.cpp in Sources */,
				4BF1364D0F4B0F7700218A3F /* JackResampler.cpp in Sources */,
				4BF136550F4B0F9F00218A3F /* ringbuffer.c in Sources */,
				4B07724A0F54021B000DC657 /* main_slave.mm in Sources */,
				4B0773870F541EE2000DC657 /* iPhoneNetAppDelegate.m in Sources */,
				4B27918A0F72570C000536B7 /* JackGlobals.cpp in Sources */,
				4BF15E2611356A3E00B36B9A /* CAHostTimeBase.cpp in Sources */,
				4BF15F7911357A0E00B36B9A /* TiPhoneCoreAudioRenderer.cpp in Sources */,
			);
			runOnlyForDeploymentPostprocessing = 0;
		};
		4B0772220F54018C000DC657 /* Sources */ = {
			isa = PBXSourcesBuildPhase;
			buildActionMask = 2147483647;
			files = (
				4B0772240F54018C000DC657 /* JackMachThread.cpp in Sources */,
				4B0772250F54018C000DC657 /* JackMachTime.c in Sources */,
				4B0772260F54018C000DC657 /* JackNetAPI.cpp in Sources */,
				4B0772270F54018C000DC657 /* JackNetInterface.cpp in Sources */,
				4B0772280F54018C000DC657 /* JackNetTool.cpp in Sources */,
				4B0772290F54018C000DC657 /* JackNetUnixSocket.cpp in Sources */,
				4B07722A0F54018C000DC657 /* JackPosixThread.cpp in Sources */,
				4B07722C0F54018C000DC657 /* JackAudioAdapterInterface.cpp in Sources */,
				4B07722D0F54018C000DC657 /* JackResampler.cpp in Sources */,
				4B07722E0F54018C000DC657 /* ringbuffer.c in Sources */,
				4B0773860F541EE2000DC657 /* iPhoneNetAppDelegate.m in Sources */,
				4B27918B0F72570C000536B7 /* JackGlobals.cpp in Sources */,
				4BF15E2511356A3E00B36B9A /* CAHostTimeBase.cpp in Sources */,
				4BF15F7811357A0E00B36B9A /* TiPhoneCoreAudioRenderer.cpp in Sources */,
				4BC9C1F71135AB2800D22670 /* main_master.mm in Sources */,
			);
			runOnlyForDeploymentPostprocessing = 0;
		};
		4B1A940D0F49BDE000D3626B /* Sources */ = {
			isa = PBXSourcesBuildPhase;
			buildActionMask = 2147483647;
			files = (
				4B1A94150F49BE2F00D3626B /* JackMachThread.cpp in Sources */,
				4B1A94170F49BE3100D3626B /* JackMachTime.c in Sources */,
				4B1A94180F49BE3100D3626B /* JackNetAPI.cpp in Sources */,
				4B1A94190F49BE3300D3626B /* JackNetInterface.cpp in Sources */,
				4B1A941A0F49BE3300D3626B /* JackNetTool.cpp in Sources */,
				4B1A941B0F49BE3400D3626B /* JackNetUnixSocket.cpp in Sources */,
				4B1A941D0F49BE3500D3626B /* JackPosixThread.cpp in Sources */,
				4BF136100F4B0B4C00218A3F /* JackAudioAdapterInterface.cpp in Sources */,
				4BF1364E0F4B0F7700218A3F /* JackResampler.cpp in Sources */,
				4BF136560F4B0F9F00218A3F /* ringbuffer.c in Sources */,
				4B2791890F72570C000536B7 /* JackGlobals.cpp in Sources */,
				4B6B712C114BAE9A00ED9788 /* CAHostTimeBase.cpp in Sources */,
			);
			runOnlyForDeploymentPostprocessing = 0;
		};
		4B41469910BD3C4300C12F0C /* Sources */ = {
			isa = PBXSourcesBuildPhase;
			buildActionMask = 2147483647;
			files = (
				4B41469A10BD3C4300C12F0C /* JackMachThread.cpp in Sources */,
				4B41469B10BD3C4300C12F0C /* JackMachTime.c in Sources */,
				4B41469C10BD3C4300C12F0C /* JackNetAPI.cpp in Sources */,
				4B41469D10BD3C4300C12F0C /* JackNetInterface.cpp in Sources */,
				4B41469E10BD3C4300C12F0C /* JackNetTool.cpp in Sources */,
				4B41469F10BD3C4300C12F0C /* JackNetUnixSocket.cpp in Sources */,
				4B4146A010BD3C4300C12F0C /* JackPosixThread.cpp in Sources */,
				4B4146A210BD3C4300C12F0C /* JackAudioAdapterInterface.cpp in Sources */,
				4B4146A310BD3C4300C12F0C /* JackResampler.cpp in Sources */,
				4B4146A410BD3C4300C12F0C /* ringbuffer.c in Sources */,
				4B4146A510BD3C4300C12F0C /* iPhoneNetAppDelegate.m in Sources */,
				4B4146A610BD3C4300C12F0C /* freeverb.mm in Sources */,
				4B4146A710BD3C4300C12F0C /* JackGlobals.cpp in Sources */,
				4BF15E2911356A3E00B36B9A /* CAHostTimeBase.cpp in Sources */,
				4BF15F7C11357A0E00B36B9A /* TiPhoneCoreAudioRenderer.cpp in Sources */,
			);
			runOnlyForDeploymentPostprocessing = 0;
		};
		4BCB37B7112D647C008C7BC1 /* Sources */ = {
			isa = PBXSourcesBuildPhase;
			buildActionMask = 2147483647;
			files = (
				4BCB37D9112D64D8008C7BC1 /* iphone-faust.mm in Sources */,
				4BF15E2A11356A3E00B36B9A /* CAHostTimeBase.cpp in Sources */,
				4BF15F7D11357A0E00B36B9A /* TiPhoneCoreAudioRenderer.cpp in Sources */,
			);
			runOnlyForDeploymentPostprocessing = 0;
		};
		4BCF75DB10BC2FD90082C526 /* Sources */ = {
			isa = PBXSourcesBuildPhase;
			buildActionMask = 2147483647;
			files = (
				4BCF75DC10BC2FD90082C526 /* JackMachThread.cpp in Sources */,
				4BCF75DD10BC2FD90082C526 /* JackMachTime.c in Sources */,
				4BCF75DE10BC2FD90082C526 /* JackNetAPI.cpp in Sources */,
				4BCF75DF10BC2FD90082C526 /* JackNetInterface.cpp in Sources */,
				4BCF75E010BC2FD90082C526 /* JackNetTool.cpp in Sources */,
				4BCF75E110BC2FD90082C526 /* JackNetUnixSocket.cpp in Sources */,
				4BCF75E210BC2FD90082C526 /* JackPosixThread.cpp in Sources */,
				4BCF75E410BC2FD90082C526 /* JackAudioAdapterInterface.cpp in Sources */,
				4BCF75E510BC2FD90082C526 /* JackResampler.cpp in Sources */,
				4BCF75E610BC2FD90082C526 /* ringbuffer.c in Sources */,
				4BCF75E710BC2FD90082C526 /* iPhoneNetAppDelegate.m in Sources */,
				4BCF75E910BC2FD90082C526 /* JackGlobals.cpp in Sources */,
				4BCF75F710BC30140082C526 /* audio_thru.mm in Sources */,
				4BF15E2811356A3E00B36B9A /* CAHostTimeBase.cpp in Sources */,
				4BF15F7B11357A0E00B36B9A /* TiPhoneCoreAudioRenderer.cpp in Sources */,
			);
			runOnlyForDeploymentPostprocessing = 0;
		};
		4BDFCD3F113DB6B700D77992 /* Sources */ = {
			isa = PBXSourcesBuildPhase;
			buildActionMask = 2147483647;
			files = (
				4BDFCD4A113DB6B700D77992 /* main_slave.mm in Sources */,
				4BDFCD4B113DB6B700D77992 /* iPhoneNetAppDelegate.m in Sources */,
				4BDFCD4D113DB6B700D77992 /* CAHostTimeBase.cpp in Sources */,
				4BDFCD4E113DB6B700D77992 /* TiPhoneCoreAudioRenderer.cpp in Sources */,
			);
			runOnlyForDeploymentPostprocessing = 0;
		};
		4BFF45610F4D5D9700106083 /* Sources */ = {
			isa = PBXSourcesBuildPhase;
			buildActionMask = 2147483647;
			files = (
				4BFF45630F4D5D9700106083 /* JackMachThread.cpp in Sources */,
				4BFF45640F4D5D9700106083 /* JackMachTime.c in Sources */,
				4BFF45650F4D5D9700106083 /* JackNetAPI.cpp in Sources */,
				4BFF45660F4D5D9700106083 /* JackNetInterface.cpp in Sources */,
				4BFF45670F4D5D9700106083 /* JackNetTool.cpp in Sources */,
				4BFF45680F4D5D9700106083 /* JackNetUnixSocket.cpp in Sources */,
				4BFF45690F4D5D9700106083 /* JackPosixThread.cpp in Sources */,
				4BFF456B0F4D5D9700106083 /* JackAudioAdapterInterface.cpp in Sources */,
				4BFF456C0F4D5D9700106083 /* JackResampler.cpp in Sources */,
				4BFF456D0F4D5D9700106083 /* ringbuffer.c in Sources */,
				4B0773880F541EE2000DC657 /* iPhoneNetAppDelegate.m in Sources */,
				4BBDC8FA0F5420C000465F9C /* freeverb.mm in Sources */,
				4B2791880F72570C000536B7 /* JackGlobals.cpp in Sources */,
				4BF15E2711356A3E00B36B9A /* CAHostTimeBase.cpp in Sources */,
				4BF15F7A11357A0E00B36B9A /* TiPhoneCoreAudioRenderer.cpp in Sources */,
			);
			runOnlyForDeploymentPostprocessing = 0;
		};
/* End PBXSourcesBuildPhase section */

/* Begin XCBuildConfiguration section */
		1D6058940D05DD3E006BFB54 /* Debug */ = {
			isa = XCBuildConfiguration;
			buildSettings = {
				ALWAYS_SEARCH_USER_PATHS = NO;
				COPY_PHASE_STRIP = NO;
				GCC_DYNAMIC_NO_PIC = NO;
				GCC_OPTIMIZATION_LEVEL = 0;
				GCC_PRECOMPILE_PREFIX_HEADER = YES;
				GCC_PREFIX_HEADER = iPhoneNet_Prefix.pch;
				HEADER_SEARCH_PATHS = (
					/usr/local/include,
					../../macosx/coreaudio,
					../../macosx,
					../../posix,
					../../common/jack,
					../../common,
				);
				INFOPLIST_FILE = Info.plist;
				LIBRARY_SEARCH_PATHS = (
					"$(inherited)",
					"\"$(SRCROOT)/build/Debug-iphonesimulator\"",
				);
				OTHER_LDFLAGS = libcelt.a;
				PRODUCT_NAME = NetJackSlave;
				SDKROOT = iphoneos3.1.3;
			};
			name = Debug;
		};
		1D6058950D05DD3E006BFB54 /* Release */ = {
			isa = XCBuildConfiguration;
			buildSettings = {
				ALWAYS_SEARCH_USER_PATHS = NO;
				COPY_PHASE_STRIP = YES;
				GCC_OPTIMIZATION_LEVEL = 3;
				GCC_PRECOMPILE_PREFIX_HEADER = YES;
				GCC_PREFIX_HEADER = iPhoneNet_Prefix.pch;
				GCC_THUMB_SUPPORT = NO;
				HEADER_SEARCH_PATHS = (
					.,
					/usr/local/include,
					../../macosx/coreaudio,
					../../common/jack,
					../../common,
					../../posix,
					../../macosx,
				);
				INFOPLIST_FILE = Info.plist;
				LIBRARY_SEARCH_PATHS = (
					"$(inherited)",
					"\"$(SRCROOT)/build/Debug-iphonesimulator\"",
				);
				OTHER_LDFLAGS = libcelt.a;
				PRODUCT_NAME = NetJackSlave;
				SDKROOT = iphoneos3.1.3;
			};
			name = Release;
		};
		4B0772360F54018C000DC657 /* Debug */ = {
			isa = XCBuildConfiguration;
			buildSettings = {
				ALWAYS_SEARCH_USER_PATHS = NO;
				COPY_PHASE_STRIP = NO;
				GCC_DYNAMIC_NO_PIC = NO;
				GCC_OPTIMIZATION_LEVEL = 0;
				GCC_PRECOMPILE_PREFIX_HEADER = YES;
				GCC_PREFIX_HEADER = iPhoneNet_Prefix.pch;
				HEADER_SEARCH_PATHS = (
					/usr/local/include,
					../../macosx/coreaudio,
					../../macosx,
					../../posix,
					../../common/jack,
					../../common,
				);
				INFOPLIST_FILE = Info.plist;
				LIBRARY_SEARCH_PATHS = (
					"$(inherited)",
					"\\\"$(SRCROOT)/build/Debug-iphonesimulator\\\"",
				);
				OTHER_LDFLAGS = libcelt.a;
				PRODUCT_NAME = NetJackMaster;
				SDKROOT = iphoneos3.1.3;
			};
			name = Debug;
		};
		4B0772370F54018C000DC657 /* Release */ = {
			isa = XCBuildConfiguration;
			buildSettings = {
				ALWAYS_SEARCH_USER_PATHS = NO;
				COPY_PHASE_STRIP = YES;
				GCC_PRECOMPILE_PREFIX_HEADER = YES;
				GCC_PREFIX_HEADER = iPhoneNet_Prefix.pch;
				HEADER_SEARCH_PATHS = (
					/usr/local/include,
					../../macosx/coreaudio,
					../../common/jack,
					../../common,
					../../posix,
					../../macosx,
				);
				INFOPLIST_FILE = Info.plist;
				LIBRARY_SEARCH_PATHS = (
					"$(inherited)",
					"\\\"$(SRCROOT)/build/Debug-iphonesimulator\\\"",
				);
				OTHER_LDFLAGS = libcelt.a;
				PRODUCT_NAME = NetJackMaster;
			};
			name = Release;
		};
		4B1A94110F49BDE100D3626B /* Debug */ = {
			isa = XCBuildConfiguration;
			buildSettings = {
				ALWAYS_SEARCH_USER_PATHS = NO;
				COPY_PHASE_STRIP = NO;
				GCC_DYNAMIC_NO_PIC = NO;
				GCC_OPTIMIZATION_LEVEL = 0;
				GCC_PREFIX_HEADER = iPhoneNet_Prefix.pch;
				HEADER_SEARCH_PATHS = (
					/usr/local/include,
					../../common/jack,
					../../common,
					../../posix,
					../../macosx,
				);
				MACH_O_TYPE = staticlib;
				PREBINDING = NO;
				PRODUCT_NAME = jacknet;
				SDKROOT = iphoneos3.1.3;
				STANDARD_C_PLUS_PLUS_LIBRARY_TYPE = static;
			};
			name = Debug;
		};
		4B1A94120F49BDE100D3626B /* Release */ = {
			isa = XCBuildConfiguration;
			buildSettings = {
				ALWAYS_SEARCH_USER_PATHS = NO;
				COPY_PHASE_STRIP = YES;
				DEBUG_INFORMATION_FORMAT = "dwarf-with-dsym";
				GCC_ENABLE_FIX_AND_CONTINUE = NO;
				GCC_PREFIX_HEADER = iPhoneNet_Prefix.pch;
				HEADER_SEARCH_PATHS = (
					/usr/local/include,
					../../macosx,
					../../posix,
					../../common,
					../../common/jack,
				);
				PREBINDING = NO;
				PRODUCT_NAME = jacknet;
				SDKROOT = iphoneos3.1.3;
				ZERO_LINK = NO;
			};
			name = Release;
		};
		4B4146AE10BD3C4300C12F0C /* Debug */ = {
			isa = XCBuildConfiguration;
			buildSettings = {
				ALWAYS_SEARCH_USER_PATHS = NO;
				"CODE_SIGN_IDENTITY[sdk=iphoneos*]" = "iPhone Developer: Stéphane Letz (8LJEY2RN3N)";
				COPY_PHASE_STRIP = NO;
				GCC_DYNAMIC_NO_PIC = NO;
				GCC_OPTIMIZATION_LEVEL = 0;
				GCC_PRECOMPILE_PREFIX_HEADER = YES;
				GCC_PREFIX_HEADER = iPhoneNet_Prefix.pch;
				HEADER_SEARCH_PATHS = (
					../../macosx,
					../../posix,
					../../common/jack,
					../../common,
				);
				INFOPLIST_FILE = "Info copy 2.plist";
				LIBRARY_SEARCH_PATHS = (
					"$(inherited)",
					"\\\\\\\"$(SRCROOT)/build/Debug-iphonesimulator\\\\\\\"",
				);
				OTHER_LDFLAGS = "";
				PRODUCT_NAME = iPhoneFaustNet;
				"PROVISIONING_PROFILE[sdk=iphoneos*]" = "CEF78041-8E2A-499D-BF7C-8A1B22B6C2AC";
				SDKROOT = iphoneos2.2.1;
			};
			name = Debug;
		};
		4B4146AF10BD3C4300C12F0C /* Release */ = {
			isa = XCBuildConfiguration;
			buildSettings = {
				ALWAYS_SEARCH_USER_PATHS = NO;
				COPY_PHASE_STRIP = YES;
				GCC_PRECOMPILE_PREFIX_HEADER = YES;
				GCC_PREFIX_HEADER = iPhoneNet_Prefix.pch;
				HEADER_SEARCH_PATHS = (
					../../macosx,
					../../common/jack,
					../../common,
					../../posix,
				);
				INFOPLIST_FILE = Info.plist;
				LIBRARY_SEARCH_PATHS = (
					"$(inherited)",
					"\\\\\\\"$(SRCROOT)/build/Debug-iphonesimulator\\\\\\\"",
				);
				ONLY_ACTIVE_ARCH = NO;
				PRODUCT_NAME = iPhoneFaustNet;
				SDKROOT = iphoneos3.1.2;
			};
			name = Release;
		};
		4BCB37CC112D647C008C7BC1 /* Debug */ = {
			isa = XCBuildConfiguration;
			buildSettings = {
				ALWAYS_SEARCH_USER_PATHS = NO;
				COPY_PHASE_STRIP = NO;
				GCC_DYNAMIC_NO_PIC = NO;
				GCC_OPTIMIZATION_LEVEL = 0;
				GCC_PRECOMPILE_PREFIX_HEADER = YES;
				GCC_PREFIX_HEADER = iPhoneNet_Prefix.pch;
				GCC_THUMB_SUPPORT = NO;
				HEADER_SEARCH_PATHS = (
					../../macosx,
					../../posix,
					../../common/jack,
					../../common,
				);
				INFOPLIST_FILE = Info.plist;
				IPHONEOS_DEPLOYMENT_TARGET = 3.1.3;
				LIBRARY_SEARCH_PATHS = (
					"$(inherited)",
					"\\\\\\\"$(SRCROOT)/build/Debug-iphonesimulator\\\\\\\"",
				);
				OTHER_LDFLAGS = "";
				PRODUCT_NAME = iPhoneFaust;
				SDKROOT = iphoneos3.1.3;
			};
			name = Debug;
		};
		4BCB37CD112D647C008C7BC1 /* Release */ = {
			isa = XCBuildConfiguration;
			buildSettings = {
				ALWAYS_SEARCH_USER_PATHS = NO;
				COPY_PHASE_STRIP = YES;
				GCC_PRECOMPILE_PREFIX_HEADER = YES;
				GCC_PREFIX_HEADER = iPhoneNet_Prefix.pch;
				GCC_THUMB_SUPPORT = NO;
				HEADER_SEARCH_PATHS = (
					../../macosx,
					../../common/jack,
					../../common,
					../../posix,
				);
				INFOPLIST_FILE = Info.plist;
				LIBRARY_SEARCH_PATHS = (
					"$(inherited)",
					"\\\\\\\"$(SRCROOT)/build/Debug-iphonesimulator\\\\\\\"",
				);
				ONLY_ACTIVE_ARCH = NO;
				PRODUCT_NAME = iPhoneFaust;
				SDKROOT = iphoneos3.1.3;
			};
			name = Release;
		};
		4BCF75F010BC2FD90082C526 /* Debug */ = {
			isa = XCBuildConfiguration;
			buildSettings = {
				ALWAYS_SEARCH_USER_PATHS = NO;
				COPY_PHASE_STRIP = NO;
				GCC_DYNAMIC_NO_PIC = NO;
				GCC_OPTIMIZATION_LEVEL = 0;
				GCC_PRECOMPILE_PREFIX_HEADER = YES;
				GCC_PREFIX_HEADER = iPhoneNet_Prefix.pch;
				HEADER_SEARCH_PATHS = (
					../../macosx,
					../../posix,
					../../common/jack,
					../../common,
				);
				INFOPLIST_FILE = Info.plist;
				LIBRARY_SEARCH_PATHS = (
					"$(inherited)",
					"\\\\\\\"$(SRCROOT)/build/Debug-iphonesimulator\\\\\\\"",
				);
				OTHER_LDFLAGS = "";
				PRODUCT_NAME = iPhoneThruNet;
				SDKROOT = iphoneos2.2.1;
			};
			name = Debug;
		};
		4BCF75F110BC2FD90082C526 /* Release */ = {
			isa = XCBuildConfiguration;
			buildSettings = {
				ALWAYS_SEARCH_USER_PATHS = NO;
				COPY_PHASE_STRIP = YES;
				GCC_PRECOMPILE_PREFIX_HEADER = YES;
				GCC_PREFIX_HEADER = iPhoneNet_Prefix.pch;
				GCC_VERSION = "";
				HEADER_SEARCH_PATHS = (
					../../macosx,
					../../common/jack,
					../../common,
					../../posix,
				);
				INFOPLIST_FILE = Info.plist;
				LIBRARY_SEARCH_PATHS = (
					"$(inherited)",
					"\\\\\\\"$(SRCROOT)/build/Debug-iphonesimulator\\\\\\\"",
				);
				ONLY_ACTIVE_ARCH = NO;
				PRODUCT_NAME = iPhoneFaustNet;
			};
			name = Release;
		};
		4BDFCD55113DB6B700D77992 /* Debug */ = {
			isa = XCBuildConfiguration;
			buildSettings = {
				ALWAYS_SEARCH_USER_PATHS = NO;
				COPY_PHASE_STRIP = NO;
				GCC_DYNAMIC_NO_PIC = NO;
				GCC_OPTIMIZATION_LEVEL = 0;
				GCC_PRECOMPILE_PREFIX_HEADER = YES;
				GCC_PREFIX_HEADER = iPhoneNet_Prefix.pch;
				HEADER_SEARCH_PATHS = (
					../../macosx/coreaudio,
					../../macosx,
					../../posix,
					../../common/jack,
					../../common,
				);
				INFOPLIST_FILE = Info.plist;
				LIBRARY_SEARCH_PATHS = (
					"$(inherited)",
					"\\\"$(SRCROOT)/build/Debug-iphonesimulator\\\"",
				);
				OTHER_LDFLAGS = "-ljacknet";
				PRODUCT_NAME = NetJackSlave;
				SDKROOT = iphoneos3.1.3;
			};
			name = Debug;
		};
		4BDFCD56113DB6B700D77992 /* Release */ = {
			isa = XCBuildConfiguration;
			buildSettings = {
				ALWAYS_SEARCH_USER_PATHS = NO;
				COPY_PHASE_STRIP = YES;
				GCC_PRECOMPILE_PREFIX_HEADER = YES;
				GCC_PREFIX_HEADER = iPhoneNet_Prefix.pch;
				HEADER_SEARCH_PATHS = (
					../../macosx/coreaudio,
					../../common/jack,
					../../common,
					../../posix,
					../../macosx,
				);
				INFOPLIST_FILE = Info.plist;
				LIBRARY_SEARCH_PATHS = (
					"$(inherited)",
					"\\\"$(SRCROOT)/build/Debug-iphonesimulator\\\"",
				);
				OTHER_LDFLAGS = "-ljacknet";
				PRODUCT_NAME = NetJackSlave;
			};
			name = Release;
		};
		4BFF45750F4D5D9700106083 /* Debug */ = {
			isa = XCBuildConfiguration;
			buildSettings = {
				ALWAYS_SEARCH_USER_PATHS = NO;
				COPY_PHASE_STRIP = NO;
				GCC_DYNAMIC_NO_PIC = NO;
				GCC_OPTIMIZATION_LEVEL = 0;
				GCC_PRECOMPILE_PREFIX_HEADER = YES;
				GCC_PREFIX_HEADER = iPhoneNet_Prefix.pch;
				HEADER_SEARCH_PATHS = (
					../../macosx,
					../../posix,
					../../common/jack,
					../../common,
				);
				INFOPLIST_FILE = Info.plist;
				LIBRARY_SEARCH_PATHS = (
					"$(inherited)",
					"\\\"$(SRCROOT)/build/Debug-iphonesimulator\\\"",
				);
				OTHER_LDFLAGS = "";
				PRODUCT_NAME = iPhoneFaustNet;
				SDKROOT = iphoneos2.2.1;
			};
			name = Debug;
		};
		4BFF45760F4D5D9700106083 /* Release */ = {
			isa = XCBuildConfiguration;
			buildSettings = {
				ALWAYS_SEARCH_USER_PATHS = NO;
				COPY_PHASE_STRIP = YES;
				GCC_PRECOMPILE_PREFIX_HEADER = YES;
				GCC_PREFIX_HEADER = iPhoneNet_Prefix.pch;
				HEADER_SEARCH_PATHS = (
					../../macosx,
					../../common/jack,
					../../common,
					../../posix,
				);
				INFOPLIST_FILE = Info.plist;
				LIBRARY_SEARCH_PATHS = (
					"$(inherited)",
					"\\\"$(SRCROOT)/build/Debug-iphonesimulator\\\"",
				);
				ONLY_ACTIVE_ARCH = NO;
				PRODUCT_NAME = iPhoneFaustNet;
			};
			name = Release;
		};
		C01FCF4F08A954540054247B /* Debug */ = {
			isa = XCBuildConfiguration;
			buildSettings = {
				ARCHS = "$(ARCHS_STANDARD_32_BIT)";
				"CODE_SIGN_IDENTITY[sdk=iphoneos*]" = "iPhone Developer";
				GCC_C_LANGUAGE_STANDARD = c99;
				GCC_WARN_ABOUT_RETURN_TYPE = YES;
				GCC_WARN_UNUSED_VARIABLE = YES;
				ONLY_ACTIVE_ARCH = YES;
				PREBINDING = NO;
				SDKROOT = iphoneos2.2.1;
			};
			name = Debug;
		};
		C01FCF5008A954540054247B /* Release */ = {
			isa = XCBuildConfiguration;
			buildSettings = {
				ARCHS = "$(ARCHS_STANDARD_32_BIT)";
				"CODE_SIGN_IDENTITY[sdk=iphoneos*]" = "iPhone Developer";
				GCC_C_LANGUAGE_STANDARD = c99;
				GCC_WARN_ABOUT_RETURN_TYPE = YES;
				GCC_WARN_UNUSED_VARIABLE = YES;
				PREBINDING = NO;
				SDKROOT = iphoneos2.2.1;
			};
			name = Release;
		};
/* End XCBuildConfiguration section */

/* Begin XCConfigurationList section */
		1D6058960D05DD3E006BFB54 /* Build configuration list for PBXNativeTarget "iPhoneNetSlave" */ = {
			isa = XCConfigurationList;
			buildConfigurations = (
				1D6058940D05DD3E006BFB54 /* Debug */,
				1D6058950D05DD3E006BFB54 /* Release */,
			);
			defaultConfigurationIsVisible = 0;
			defaultConfigurationName = Release;
		};
		4B0772350F54018C000DC657 /* Build configuration list for PBXNativeTarget "iPhoneNetMaster" */ = {
			isa = XCConfigurationList;
			buildConfigurations = (
				4B0772360F54018C000DC657 /* Debug */,
				4B0772370F54018C000DC657 /* Release */,
			);
			defaultConfigurationIsVisible = 0;
			defaultConfigurationName = Release;
		};
		4B1A94130F49BDFF00D3626B /* Build configuration list for PBXNativeTarget "libjacknet" */ = {
			isa = XCConfigurationList;
			buildConfigurations = (
				4B1A94110F49BDE100D3626B /* Debug */,
				4B1A94120F49BDE100D3626B /* Release */,
			);
			defaultConfigurationIsVisible = 0;
			defaultConfigurationName = Release;
		};
		4B4146AD10BD3C4300C12F0C /* Build configuration list for PBXNativeTarget "iPhoneFaustNet Distribution" */ = {
			isa = XCConfigurationList;
			buildConfigurations = (
				4B4146AE10BD3C4300C12F0C /* Debug */,
				4B4146AF10BD3C4300C12F0C /* Release */,
			);
			defaultConfigurationIsVisible = 0;
			defaultConfigurationName = Release;
		};
		4BCB37CB112D647C008C7BC1 /* Build configuration list for PBXNativeTarget "iPhoneFaust" */ = {
			isa = XCConfigurationList;
			buildConfigurations = (
				4BCB37CC112D647C008C7BC1 /* Debug */,
				4BCB37CD112D647C008C7BC1 /* Release */,
			);
			defaultConfigurationIsVisible = 0;
			defaultConfigurationName = Release;
		};
		4BCF75EF10BC2FD90082C526 /* Build configuration list for PBXNativeTarget "iPhoneThruNet" */ = {
			isa = XCConfigurationList;
			buildConfigurations = (
				4BCF75F010BC2FD90082C526 /* Debug */,
				4BCF75F110BC2FD90082C526 /* Release */,
			);
			defaultConfigurationIsVisible = 0;
			defaultConfigurationName = Release;
		};
		4BDFCD54113DB6B700D77992 /* Build configuration list for PBXNativeTarget "iPhoneNetSlaveLib" */ = {
			isa = XCConfigurationList;
			buildConfigurations = (
				4BDFCD55113DB6B700D77992 /* Debug */,
				4BDFCD56113DB6B700D77992 /* Release */,
			);
			defaultConfigurationIsVisible = 0;
			defaultConfigurationName = Release;
		};
		4BFF45740F4D5D9700106083 /* Build configuration list for PBXNativeTarget "iPhoneFaustNet" */ = {
			isa = XCConfigurationList;
			buildConfigurations = (
				4BFF45750F4D5D9700106083 /* Debug */,
				4BFF45760F4D5D9700106083 /* Release */,
			);
			defaultConfigurationIsVisible = 0;
			defaultConfigurationName = Release;
		};
		C01FCF4E08A954540054247B /* Build configuration list for PBXProject "iPhoneNet" */ = {
			isa = XCConfigurationList;
			buildConfigurations = (
				C01FCF4F08A954540054247B /* Debug */,
				C01FCF5008A954540054247B /* Release */,
			);
			defaultConfigurationIsVisible = 0;
			defaultConfigurationName = Release;
		};
/* End XCConfigurationList section */
	};
	rootObject = 29B97313FDCFA39411CA2CEA /* Project object */;
}
