<?xml version="1.0" encoding="utf-8"?>
<Project ToolsVersion="4.0" xmlns="http://schemas.microsoft.com/developer/msbuild/2003">
  <ItemGroup>
    <Filter Include="Source Files">
      <UniqueIdentifier>{25462243-6dca-48f8-9efd-5910f85ddec0}</UniqueIdentifier>
      <Extensions>cpp;c;cxx;rc;def;r;odl;idl;hpj;bat</Extensions>
    </Filter>
    <Filter Include="Header Files">
      <UniqueIdentifier>{f0aa7849-c2ce-48d3-b6fb-1223ba18d72b}</UniqueIdentifier>
    </Filter>
  </ItemGroup>
  <ItemGroup>
    <ClCompile Include="..\lib\regcomp.c">
      <Filter>Source Files</Filter>
    </ClCompile>
    <ClCompile Include="..\lib\regerror.c">
      <Filter>Source Files</Filter>
    </ClCompile>
    <ClCompile Include="..\lib\regexec.c">
      <Filter>Source Files</Filter>
    </ClCompile>
    <ClCompile Include="..\lib\tre-ast.c">
      <Filter>Source Files</Filter>
    </ClCompile>
    <ClCompile Include="..\lib\tre-compile.c">
      <Filter>Source Files</Filter>
    </ClCompile>
    <ClCompile Include="..\lib\tre-match-approx.c">
      <Filter>Source Files</Filter>
    </ClCompile>
    <ClCompile Include="..\lib\tre-match-backtrack.c">
      <Filter>Source Files</Filter>
    </ClCompile>
    <ClCompile Include="..\lib\tre-match-parallel.c">
      <Filter>Source Files</Filter>
    </ClCompile>
    <ClCompile Include="..\lib\tre-mem.c">
      <Filter>Source Files</Filter>
    </ClCompile>
    <ClCompile Include="..\lib\tre-parse.c">
      <Filter>Source Files</Filter>
    </ClCompile>
    <ClCompile Include="..\lib\tre-stack.c">
      <Filter>Source Files</Filter>
    </ClCompile>
  </ItemGroup>
  <ItemGroup>
    <ClInclude Include="config.h">
      <Filter>Header Files</Filter>
    </ClInclude>
    <ClInclude Include="..\lib\regex.h">
      <Filter>Header Files</Filter>
    </ClInclude>
    <ClInclude Include="..\lib\tre-ast.h">
      <Filter>Header Files</Filter>
    </ClInclude>
    <ClInclude Include="tre-config.h">
      <Filter>Header Files</Filter>
    </ClInclude>
    <ClInclude Include="..\lib\tre-compile.h">
      <Filter>Header Files</Filter>
    </ClInclude>
    <ClInclude Include="..\lib\tre-internal.h">
      <Filter>Header Files</Filter>
    </ClInclude>
    <ClInclude Include="..\lib\tre-match-utils.h">
      <Filter>Header Files</Filter>
    </ClInclude>
    <ClInclude Include="..\lib\tre-mem.h">
      <Filter>Header Files</Filter>
    </ClInclude>
    <ClInclude Include="..\lib\tre-parse.h">
      <Filter>Header Files</Filter>
    </ClInclude>
    <ClInclude Include="..\lib\tre-stack.h">
      <Filter>Header Files</Filter>
    </ClInclude>
    <ClInclude Include="..\lib\xmalloc.h">
      <Filter>Header Files</Filter>
    </ClInclude>
  </ItemGroup>
  <ItemGroup>
    <CustomBuild Include="tre.def">
      <Filter>Header Files</Filter>
    </CustomBuild>
  </ItemGroup>
</Project>