
Microsoft Visual Studio Solution File, Format Version 12.00
# Visual Studio Express 2012 for Windows Desktop
Project("{8BC9CEB8-8B4A-11D0-8D11-00A0C91BC942}") = "retest", "retest.vcxproj", "{DCD44976-7D40-45AC-A258-424ED0430507}"
EndProject
Project("{8BC9CEB8-8B4A-11D0-8D11-00A0C91BC942}") = "tre", "tre.vcxproj", "{4CF15D58-6DF5-46BF-A898-9D1C6387D1DE}"
EndProject
Global
	GlobalSection(SolutionConfigurationPlatforms) = preSolution
		Debug|Win32 = Debug|Win32
		Debug|x64 = Debug|x64
		Release|Win32 = Release|Win32
		Release|x64 = Release|x64
		Template|Win32 = Template|Win32
		Template|x64 = Template|x64
	EndGlobalSection
	GlobalSection(ProjectConfigurationPlatforms) = postSolution
		{DCD44976-7D40-45AC-A258-424ED0430507}.Debug|Win32.ActiveCfg = Debug|Win32
		{DCD44976-7D40-45AC-A258-424ED0430507}.Debug|Win32.Build.0 = Debug|Win32
		{DCD44976-7D40-45AC-A258-424ED0430507}.Debug|x64.ActiveCfg = Debug|x64
		{DCD44976-7D40-45AC-A258-424ED0430507}.Debug|x64.Build.0 = Debug|x64
		{DCD44976-7D40-45AC-A258-424ED0430507}.Release|Win32.ActiveCfg = Release|Win32
		{DCD44976-7D40-45AC-A258-424ED0430507}.Release|Win32.Build.0 = Release|Win32
		{DCD44976-7D40-45AC-A258-424ED0430507}.Release|x64.ActiveCfg = Release|x64
		{DCD44976-7D40-45AC-A258-424ED0430507}.Release|x64.Build.0 = Release|x64
		{DCD44976-7D40-45AC-A258-424ED0430507}.Template|Win32.ActiveCfg = Release|Win32
		{DCD44976-7D40-45AC-A258-424ED0430507}.Template|Win32.Build.0 = Release|Win32
		{DCD44976-7D40-45AC-A258-424ED0430507}.Template|x64.ActiveCfg = Release|x64
		{DCD44976-7D40-45AC-A258-424ED0430507}.Template|x64.Build.0 = Release|x64
		{4CF15D58-6DF5-46BF-A898-9D1C6387D1DE}.Debug|Win32.ActiveCfg = Debug|Win32
		{4CF15D58-6DF5-46BF-A898-9D1C6387D1DE}.Debug|Win32.Build.0 = Debug|Win32
		{4CF15D58-6DF5-46BF-A898-9D1C6387D1DE}.Debug|x64.ActiveCfg = Debug|x64
		{4CF15D58-6DF5-46BF-A898-9D1C6387D1DE}.Debug|x64.Build.0 = Debug|x64
		{4CF15D58-6DF5-46BF-A898-9D1C6387D1DE}.Release|Win32.ActiveCfg = Release|Win32
		{4CF15D58-6DF5-46BF-A898-9D1C6387D1DE}.Release|Win32.Build.0 = Release|Win32
		{4CF15D58-6DF5-46BF-A898-9D1C6387D1DE}.Release|x64.ActiveCfg = Release|x64
		{4CF15D58-6DF5-46BF-A898-9D1C6387D1DE}.Release|x64.Build.0 = Release|x64
		{4CF15D58-6DF5-46BF-A898-9D1C6387D1DE}.Template|Win32.ActiveCfg = Template|Win32
		{4CF15D58-6DF5-46BF-A898-9D1C6387D1DE}.Template|Win32.Build.0 = Template|Win32
		{4CF15D58-6DF5-46BF-A898-9D1C6387D1DE}.Template|x64.ActiveCfg = Template|x64
		{4CF15D58-6DF5-46BF-A898-9D1C6387D1DE}.Template|x64.Build.0 = Template|x64
	EndGlobalSection
	GlobalSection(SolutionProperties) = preSolution
		HideSolutionNode = FALSE
	EndGlobalSection
EndGlobal
